Microsoft Visual Studio Solution File, Format Version 12.00
# Visual Studio 15
VisualStudioVersion = 15.0.27428.2043
MinimumVisualStudioVersion = 10.0.40219.1
Project("{8BC9CEB8-8B4A-11D0-8D11-00A0C91BC942}") = "ALL_BUILD", "ALL_BUILD.vcxproj", "{DB25A4F6-4D12-3044-97DF-3D01B9D9805E}"
	ProjectSection(ProjectDependencies) = postProject
		{A69A7539-CCFB-30F4-9938-E5AAF87A2336} = {A69A7539-CCFB-30F4-9938-E5AAF87A2336}
		{00ECF906-B57F-367A-8821-4147A20E29F5} = {00ECF906-B57F-367A-8821-4147A20E29F5}
		{7A462E83-D6A6-31D3-9DBF-F4ABF3D3AB4F} = {7A462E83-D6A6-31D3-9DBF-F4ABF3D3AB4F}
		{D9D5905B-0F8A-3DD9-8490-D799684EC431} = {D9D5905B-0F8A-3DD9-8490-D799684EC431}
		{E42CFF31-B603-39D8-A09E-E0F9E0102B9B} = {E42CFF31-B603-39D8-A09E-E0F9E0102B9B}
		{9A3069D8-10AF-3223-B5AA-F637123A8D1B} = {9A3069D8-10AF-3223-B5AA-F637123A8D1B}
		{E0CD52C0-DCEC-3B20-8E24-BE1470E9B57B} = {E0CD52C0-DCEC-3B20-8E24-BE1470E9B57B}
		{BDC0FD8E-EBA0-3795-909F-5266A94EF1F0} = {BDC0FD8E-EBA0-3795-909F-5266A94EF1F0}
		{3D2593A7-723E-3F04-928B-4E5DF06E1240} = {3D2593A7-723E-3F04-928B-4E5DF06E1240}
		{94581B26-98D6-3ABA-ADD4-E96C48C8C05B} = {94581B26-98D6-3ABA-ADD4-E96C48C8C05B}
		{6A8F9768-0366-3EAA-97FA-38D4E4F1B71B} = {6A8F9768-0366-3EAA-97FA-38D4E4F1B71B}
		{28EB8D21-D72D-3CB3-A854-26ABE68D57F0} = {28EB8D21-D72D-3CB3-A854-26ABE68D57F0}
		{7E6A7546-CC51-33A1-9389-2FC47DF447A9} = {7E6A7546-CC51-33A1-9389-2FC47DF447A9}
		{219C288C-9AAE-3F82-9C1E-893A1B25D497} = {219C288C-9AAE-3F82-9C1E-893A1B25D497}
		{970ED827-ECFB-385A-A5DF-3F6F5CF7276B} = {970ED827-ECFB-385A-A5DF-3F6F5CF7276B}
		{6C5452B7-9CB5-3F01-844D-31D882D30F95} = {6C5452B7-9CB5-3F01-844D-31D882D30F95}
		{2F36F09C-1070-313E-8950-2B84CF1CD21D} = {2F36F09C-1070-313E-8950-2B84CF1CD21D}
		{62BD5984-DBE7-36BC-9E15-4134DBA2355C} = {62BD5984-DBE7-36BC-9E15-4134DBA2355C}
		{5560B7C7-F658-38E2-A2E0-D0A8A47111CB} = {5560B7C7-F658-38E2-A2E0-D0A8A47111CB}
		{DEE0540C-A877-3674-AF29-51B5418575E2} = {DEE0540C-A877-3674-AF29-51B5418575E2}
		{E7E62B0F-2C03-38DF-A02B-2BB0DCF8FEAD} = {E7E62B0F-2C03-38DF-A02B-2BB0DCF8FEAD}
		{D75AFD11-9A6A-3613-8E8F-E918E95A4C04} = {D75AFD11-9A6A-3613-8E8F-E918E95A4C04}
		{3C42DB0C-ED6B-3D12-956C-EC8ACC7DD608} = {3C42DB0C-ED6B-3D12-956C-EC8ACC7DD608}
		{48CEDD77-885B-31F3-AD66-B7CC39F52E11} = {48CEDD77-885B-31F3-AD66-B7CC39F52E11}
		{6FE3E277-1946-343B-8DDE-200A5295DDCC} = {6FE3E277-1946-343B-8DDE-200A5295DDCC}
		{8095C4D0-725D-300E-8255-4FF68DFC9689} = {8095C4D0-725D-300E-8255-4FF68DFC9689}
		{85CD083F-34F4-33A3-8540-00BEC7DC6D6D} = {85CD083F-34F4-33A3-8540-00BEC7DC6D6D}
		{6CAB4D91-9C96-378B-B306-D3E7E7D1DE2B} = {6CAB4D91-9C96-378B-B306-D3E7E7D1DE2B}
		{1F0782E7-C243-3E13-8818-C62842D4C9EA} = {1F0782E7-C243-3E13-8818-C62842D4C9EA}
		{91141EBD-6993-38DA-8F04-F310524FDB80} = {91141EBD-6993-38DA-8F04-F310524FDB80}
		{E16D8B8A-C509-3C99-8934-DBB29080695C} = {E16D8B8A-C509-3C99-8934-DBB29080695C}
		{E9569341-9C36-3003-A2A1-410CE38D4FA2} = {E9569341-9C36-3003-A2A1-410CE38D4FA2}
		{CE7C905F-C4DB-3781-90F0-155677F89908} = {CE7C905F-C4DB-3781-90F0-155677F89908}
		{5B349C51-63C3-3C5C-B6F0-BFEAB56A7154} = {5B349C51-63C3-3C5C-B6F0-BFEAB56A7154}
		{E9F288ED-A043-308D-B2BE-D1C5D903E8BE} = {E9F288ED-A043-308D-B2BE-D1C5D903E8BE}
		{3E06E696-DBE3-357F-8949-08038F912E11} = {3E06E696-DBE3-357F-8949-08038F912E11}
		{55643B72-F3EA-355B-AD4A-8FE0B5966E25} = {55643B72-F3EA-355B-AD4A-8FE0B5966E25}
		{A65AB59A-55CC-3E60-8119-D0A6E2215B29} = {A65AB59A-55CC-3E60-8119-D0A6E2215B29}
		{5046038A-EFE4-3F0B-BEAD-C1B551770E85} = {5046038A-EFE4-3F0B-BEAD-C1B551770E85}
		{D5FC0C51-EEA7-3D98-AB87-BC3F09509A55} = {D5FC0C51-EEA7-3D98-AB87-BC3F09509A55}
		{204F2A44-D46E-31D4-A61A-A02CDDAE2475} = {204F2A44-D46E-31D4-A61A-A02CDDAE2475}
		{118B2EBF-BED1-3A15-B33F-0D90CF72E9A2} = {118B2EBF-BED1-3A15-B33F-0D90CF72E9A2}
		{B844F603-9A1B-39E2-BC83-8E0C1FB155C7} = {B844F603-9A1B-39E2-BC83-8E0C1FB155C7}
		{6DF59990-A786-3513-91E4-F3FD96278D6B} = {6DF59990-A786-3513-91E4-F3FD96278D6B}
		{FB98B31F-2522-3D40-A4E0-834E8167E2F6} = {FB98B31F-2522-3D40-A4E0-834E8167E2F6}
		{CC3AF024-E502-3BB4-B3EE-B261D4875A8E} = {CC3AF024-E502-3BB4-B3EE-B261D4875A8E}
		{60BC7645-4983-3E04-864E-BAC95033F171} = {60BC7645-4983-3E04-864E-BAC95033F171}
		{53F03B8B-541B-335B-9460-76C0E60DEB53} = {53F03B8B-541B-335B-9460-76C0E60DEB53}
		{48FB17C4-F2B9-3C89-B18E-60AD5A379E5C} = {48FB17C4-F2B9-3C89-B18E-60AD5A379E5C}
		{49789413-B50D-3FAD-8CF4-4CFE7AAAB96E} = {49789413-B50D-3FAD-8CF4-4CFE7AAAB96E}
		{817ACA5D-D2B8-37B1-A5CB-15B14D7F0E07} = {817ACA5D-D2B8-37B1-A5CB-15B14D7F0E07}
		{B0E12B03-2C5F-3E5F-A26C-B05ABF09527D} = {B0E12B03-2C5F-3E5F-A26C-B05ABF09527D}
		{59040661-EDA9-363F-BF6B-C77E478D37CD} = {59040661-EDA9-363F-BF6B-C77E478D37CD}
		{3B7BDB40-9562-3C62-923B-7C5B14D6B30C} = {3B7BDB40-9562-3C62-923B-7C5B14D6B30C}
		{17AF3016-80A3-3E4B-BF84-65CC080A6C82} = {17AF3016-80A3-3E4B-BF84-65CC080A6C82}
		{F9178294-E856-3A4C-ABEC-1385FDCCC919} = {F9178294-E856-3A4C-ABEC-1385FDCCC919}
		{57D92134-46E2-3B7A-A36E-29DE84554A0D} = {57D92134-46E2-3B7A-A36E-29DE84554A0D}
		{04EFFCDF-4A63-3ED7-A9F8-61B17A4C1E1E} = {04EFFCDF-4A63-3ED7-A9F8-61B17A4C1E1E}
		{423F3EB7-2C0E-3FB1-B1B6-2DCBA5973F6A} = {423F3EB7-2C0E-3FB1-B1B6-2DCBA5973F6A}
		{E314C229-3EB1-372C-9475-8EBE4FA774F0} = {E314C229-3EB1-372C-9475-8EBE4FA774F0}
		{B7A843D0-24F5-3333-A9A8-AFFDFE02A503} = {B7A843D0-24F5-3333-A9A8-AFFDFE02A503}
		{AFE00D7D-0048-3873-92C1-19EC20672339} = {AFE00D7D-0048-3873-92C1-19EC20672339}
		{2283E41F-D846-33AF-B187-441CD531D166} = {2283E41F-D846-33AF-B187-441CD531D166}
		{B6DF62EC-9D90-38FC-B82A-BE86EE94027E} = {B6DF62EC-9D90-38FC-B82A-BE86EE94027E}
		{31B411E8-16D9-3679-BB9F-C5F912BA99A3} = {31B411E8-16D9-3679-BB9F-C5F912BA99A3}
		{9EB23A5F-4E1F-3C5E-97A8-F02100D799AC} = {9EB23A5F-4E1F-3C5E-97A8-F02100D799AC}
		{FD047089-E285-351A-9DBB-B10FF5ACB56B} = {FD047089-E285-351A-9DBB-B10FF5ACB56B}
		{CB73EF17-0577-3BEB-928E-1B8D6A549B07} = {CB73EF17-0577-3BEB-928E-1B8D6A549B07}
		{29C73F9F-4A8A-3587-806F-F3FE309260DA} = {29C73F9F-4A8A-3587-806F-F3FE309260DA}
		{5949742D-9A88-30FA-9A3E-4297140C20B6} = {5949742D-9A88-30FA-9A3E-4297140C20B6}
		{6DAFB183-9A41-346C-A0B7-D3BFC206E1C5} = {6DAFB183-9A41-346C-A0B7-D3BFC206E1C5}
		{CAB24457-1231-384C-88C0-676E1F7A4BE5} = {CAB24457-1231-384C-88C0-676E1F7A4BE5}
		{D3477B90-419A-36FD-BAF6-BF7B11B8B008} = {D3477B90-419A-36FD-BAF6-BF7B11B8B008}
		{159A54C9-2165-38A0-A851-45235E3783F7} = {159A54C9-2165-38A0-A851-45235E3783F7}
		{B7DD023C-9468-3904-A014-86DC08F7F153} = {B7DD023C-9468-3904-A014-86DC08F7F153}
		{44BB2044-0FED-39BA-BAE0-27B43623CC69} = {44BB2044-0FED-39BA-BAE0-27B43623CC69}
		{36C62202-BF37-3E02-8B2F-94544E442F7B} = {36C62202-BF37-3E02-8B2F-94544E442F7B}
		{5427844D-BD7A-3FB4-AC9C-0BE71CAC988C} = {5427844D-BD7A-3FB4-AC9C-0BE71CAC988C}
		{F5FC5103-63A9-3951-A872-CF13EF9B4861} = {F5FC5103-63A9-3951-A872-CF13EF9B4861}
		{D0499440-8239-317F-A817-080D5252C5EA} = {D0499440-8239-317F-A817-080D5252C5EA}
		{8437E835-D9F7-3D93-84F9-1C7E924BA470} = {8437E835-D9F7-3D93-84F9-1C7E924BA470}
		{CDA76ACF-338B-36B9-A74C-54D05CC04E7E} = {CDA76ACF-338B-36B9-A74C-54D05CC04E7E}
		{56A856D1-429F-33C2-8B85-F4512B5AEC7C} = {56A856D1-429F-33C2-8B85-F4512B5AEC7C}
		{46E165F0-40FC-3301-A146-4BE84E69A14E} = {46E165F0-40FC-3301-A146-4BE84E69A14E}
	EndProjectSection
EndProject
Project("{8BC9CEB8-8B4A-11D0-8D11-00A0C91BC942}") = "01_HelloWorld", "Source\Samples\01_HelloWorld\01_HelloWorld.vcxproj", "{A69A7539-CCFB-30F4-9938-E5AAF87A2336}"
	ProjectSection(ProjectDependencies) = postProject
		{159A54C9-2165-38A0-A851-45235E3783F7} = {159A54C9-2165-38A0-A851-45235E3783F7}
		{36C62202-BF37-3E02-8B2F-94544E442F7B} = {36C62202-BF37-3E02-8B2F-94544E442F7B}
	EndProjectSection
EndProject
Project("{8BC9CEB8-8B4A-11D0-8D11-00A0C91BC942}") = "02_HelloGUI", "Source\Samples\02_HelloGUI\02_HelloGUI.vcxproj", "{00ECF906-B57F-367A-8821-4147A20E29F5}"
	ProjectSection(ProjectDependencies) = postProject
		{159A54C9-2165-38A0-A851-45235E3783F7} = {159A54C9-2165-38A0-A851-45235E3783F7}
		{36C62202-BF37-3E02-8B2F-94544E442F7B} = {36C62202-BF37-3E02-8B2F-94544E442F7B}
	EndProjectSection
EndProject
Project("{8BC9CEB8-8B4A-11D0-8D11-00A0C91BC942}") = "03_Sprites", "Source\Samples\03_Sprites\03_Sprites.vcxproj", "{7A462E83-D6A6-31D3-9DBF-F4ABF3D3AB4F}"
	ProjectSection(ProjectDependencies) = postProject
		{159A54C9-2165-38A0-A851-45235E3783F7} = {159A54C9-2165-38A0-A851-45235E3783F7}
		{36C62202-BF37-3E02-8B2F-94544E442F7B} = {36C62202-BF37-3E02-8B2F-94544E442F7B}
	EndProjectSection
EndProject
Project("{8BC9CEB8-8B4A-11D0-8D11-00A0C91BC942}") = "04_StaticScene", "Source\Samples\04_StaticScene\04_StaticScene.vcxproj", "{D9D5905B-0F8A-3DD9-8490-D799684EC431}"
	ProjectSection(ProjectDependencies) = postProject
		{159A54C9-2165-38A0-A851-45235E3783F7} = {159A54C9-2165-38A0-A851-45235E3783F7}
		{36C62202-BF37-3E02-8B2F-94544E442F7B} = {36C62202-BF37-3E02-8B2F-94544E442F7B}
	EndProjectSection
EndProject
Project("{8BC9CEB8-8B4A-11D0-8D11-00A0C91BC942}") = "05_AnimatingScene", "Source\Samples\05_AnimatingScene\05_AnimatingScene.vcxproj", "{E42CFF31-B603-39D8-A09E-E0F9E0102B9B}"
	ProjectSection(ProjectDependencies) = postProject
		{159A54C9-2165-38A0-A851-45235E3783F7} = {159A54C9-2165-38A0-A851-45235E3783F7}
		{36C62202-BF37-3E02-8B2F-94544E442F7B} = {36C62202-BF37-3E02-8B2F-94544E442F7B}
	EndProjectSection
EndProject
Project("{8BC9CEB8-8B4A-11D0-8D11-00A0C91BC942}") = "06_SkeletalAnimation", "Source\Samples\06_SkeletalAnimation\06_SkeletalAnimation.vcxproj", "{9A3069D8-10AF-3223-B5AA-F637123A8D1B}"
	ProjectSection(ProjectDependencies) = postProject
		{159A54C9-2165-38A0-A851-45235E3783F7} = {159A54C9-2165-38A0-A851-45235E3783F7}
		{36C62202-BF37-3E02-8B2F-94544E442F7B} = {36C62202-BF37-3E02-8B2F-94544E442F7B}
	EndProjectSection
EndProject
Project("{8BC9CEB8-8B4A-11D0-8D11-00A0C91BC942}") = "07_Billboards", "Source\Samples\07_Billboards\07_Billboards.vcxproj", "{E0CD52C0-DCEC-3B20-8E24-BE1470E9B57B}"
	ProjectSection(ProjectDependencies) = postProject
		{159A54C9-2165-38A0-A851-45235E3783F7} = {159A54C9-2165-38A0-A851-45235E3783F7}
		{36C62202-BF37-3E02-8B2F-94544E442F7B} = {36C62202-BF37-3E02-8B2F-94544E442F7B}
	EndProjectSection
EndProject
Project("{8BC9CEB8-8B4A-11D0-8D11-00A0C91BC942}") = "08_Decals", "Source\Samples\08_Decals\08_Decals.vcxproj", "{BDC0FD8E-EBA0-3795-909F-5266A94EF1F0}"
	ProjectSection(ProjectDependencies) = postProject
		{159A54C9-2165-38A0-A851-45235E3783F7} = {159A54C9-2165-38A0-A851-45235E3783F7}
		{36C62202-BF37-3E02-8B2F-94544E442F7B} = {36C62202-BF37-3E02-8B2F-94544E442F7B}
	EndProjectSection
EndProject
Project("{8BC9CEB8-8B4A-11D0-8D11-00A0C91BC942}") = "09_MultipleViewports", "Source\Samples\09_MultipleViewports\09_MultipleViewports.vcxproj", "{3D2593A7-723E-3F04-928B-4E5DF06E1240}"
	ProjectSection(ProjectDependencies) = postProject
		{159A54C9-2165-38A0-A851-45235E3783F7} = {159A54C9-2165-38A0-A851-45235E3783F7}
		{36C62202-BF37-3E02-8B2F-94544E442F7B} = {36C62202-BF37-3E02-8B2F-94544E442F7B}
	EndProjectSection
EndProject
Project("{8BC9CEB8-8B4A-11D0-8D11-00A0C91BC942}") = "10_RenderToTexture", "Source\Samples\10_RenderToTexture\10_RenderToTexture.vcxproj", "{94581B26-98D6-3ABA-ADD4-E96C48C8C05B}"
	ProjectSection(ProjectDependencies) = postProject
		{159A54C9-2165-38A0-A851-45235E3783F7} = {159A54C9-2165-38A0-A851-45235E3783F7}
		{36C62202-BF37-3E02-8B2F-94544E442F7B} = {36C62202-BF37-3E02-8B2F-94544E442F7B}
	EndProjectSection
EndProject
Project("{8BC9CEB8-8B4A-11D0-8D11-00A0C91BC942}") = "11_Physics", "Source\Samples\11_Physics\11_Physics.vcxproj", "{6A8F9768-0366-3EAA-97FA-38D4E4F1B71B}"
	ProjectSection(ProjectDependencies) = postProject
		{159A54C9-2165-38A0-A851-45235E3783F7} = {159A54C9-2165-38A0-A851-45235E3783F7}
		{36C62202-BF37-3E02-8B2F-94544E442F7B} = {36C62202-BF37-3E02-8B2F-94544E442F7B}
	EndProjectSection
EndProject
Project("{8BC9CEB8-8B4A-11D0-8D11-00A0C91BC942}") = "12_PhysicsStressTest", "Source\Samples\12_PhysicsStressTest\12_PhysicsStressTest.vcxproj", "{28EB8D21-D72D-3CB3-A854-26ABE68D57F0}"
	ProjectSection(ProjectDependencies) = postProject
		{159A54C9-2165-38A0-A851-45235E3783F7} = {159A54C9-2165-38A0-A851-45235E3783F7}
		{36C62202-BF37-3E02-8B2F-94544E442F7B} = {36C62202-BF37-3E02-8B2F-94544E442F7B}
	EndProjectSection
EndProject
Project("{8BC9CEB8-8B4A-11D0-8D11-00A0C91BC942}") = "13_Ragdolls", "Source\Samples\13_Ragdolls\13_Ragdolls.vcxproj", "{7E6A7546-CC51-33A1-9389-2FC47DF447A9}"
	ProjectSection(ProjectDependencies) = postProject
		{159A54C9-2165-38A0-A851-45235E3783F7} = {159A54C9-2165-38A0-A851-45235E3783F7}
		{36C62202-BF37-3E02-8B2F-94544E442F7B} = {36C62202-BF37-3E02-8B2F-94544E442F7B}
	EndProjectSection
EndProject
Project("{8BC9CEB8-8B4A-11D0-8D11-00A0C91BC942}") = "14_SoundEffects", "Source\Samples\14_SoundEffects\14_SoundEffects.vcxproj", "{219C288C-9AAE-3F82-9C1E-893A1B25D497}"
	ProjectSection(ProjectDependencies) = postProject
		{159A54C9-2165-38A0-A851-45235E3783F7} = {159A54C9-2165-38A0-A851-45235E3783F7}
		{36C62202-BF37-3E02-8B2F-94544E442F7B} = {36C62202-BF37-3E02-8B2F-94544E442F7B}
	EndProjectSection
EndProject
Project("{8BC9CEB8-8B4A-11D0-8D11-00A0C91BC942}") = "15_Navigation", "Source\Samples\15_Navigation\15_Navigation.vcxproj", "{970ED827-ECFB-385A-A5DF-3F6F5CF7276B}"
	ProjectSection(ProjectDependencies) = postProject
		{159A54C9-2165-38A0-A851-45235E3783F7} = {159A54C9-2165-38A0-A851-45235E3783F7}
		{36C62202-BF37-3E02-8B2F-94544E442F7B} = {36C62202-BF37-3E02-8B2F-94544E442F7B}
	EndProjectSection
EndProject
Project("{8BC9CEB8-8B4A-11D0-8D11-00A0C91BC942}") = "16_Chat", "Source\Samples\16_Chat\16_Chat.vcxproj", "{6C5452B7-9CB5-3F01-844D-31D882D30F95}"
	ProjectSection(ProjectDependencies) = postProject
		{159A54C9-2165-38A0-A851-45235E3783F7} = {159A54C9-2165-38A0-A851-45235E3783F7}
		{36C62202-BF37-3E02-8B2F-94544E442F7B} = {36C62202-BF37-3E02-8B2F-94544E442F7B}
	EndProjectSection
EndProject
Project("{8BC9CEB8-8B4A-11D0-8D11-00A0C91BC942}") = "17_SceneReplication", "Source\Samples\17_SceneReplication\17_SceneReplication.vcxproj", "{2F36F09C-1070-313E-8950-2B84CF1CD21D}"
	ProjectSection(ProjectDependencies) = postProject
		{159A54C9-2165-38A0-A851-45235E3783F7} = {159A54C9-2165-38A0-A851-45235E3783F7}
		{36C62202-BF37-3E02-8B2F-94544E442F7B} = {36C62202-BF37-3E02-8B2F-94544E442F7B}
	EndProjectSection
EndProject
Project("{8BC9CEB8-8B4A-11D0-8D11-00A0C91BC942}") = "18_CharacterDemo", "Source\Samples\18_CharacterDemo\18_CharacterDemo.vcxproj", "{62BD5984-DBE7-36BC-9E15-4134DBA2355C}"
	ProjectSection(ProjectDependencies) = postProject
		{159A54C9-2165-38A0-A851-45235E3783F7} = {159A54C9-2165-38A0-A851-45235E3783F7}
		{36C62202-BF37-3E02-8B2F-94544E442F7B} = {36C62202-BF37-3E02-8B2F-94544E442F7B}
	EndProjectSection
EndProject
Project("{8BC9CEB8-8B4A-11D0-8D11-00A0C91BC942}") = "19_VehicleDemo", "Source\Samples\19_VehicleDemo\19_VehicleDemo.vcxproj", "{5560B7C7-F658-38E2-A2E0-D0A8A47111CB}"
	ProjectSection(ProjectDependencies) = postProject
		{159A54C9-2165-38A0-A851-45235E3783F7} = {159A54C9-2165-38A0-A851-45235E3783F7}
		{36C62202-BF37-3E02-8B2F-94544E442F7B} = {36C62202-BF37-3E02-8B2F-94544E442F7B}
	EndProjectSection
EndProject
Project("{8BC9CEB8-8B4A-11D0-8D11-00A0C91BC942}") = "20_HugeObjectCount", "Source\Samples\20_HugeObjectCount\20_HugeObjectCount.vcxproj", "{DEE0540C-A877-3674-AF29-51B5418575E2}"
	ProjectSection(ProjectDependencies) = postProject
		{159A54C9-2165-38A0-A851-45235E3783F7} = {159A54C9-2165-38A0-A851-45235E3783F7}
		{36C62202-BF37-3E02-8B2F-94544E442F7B} = {36C62202-BF37-3E02-8B2F-94544E442F7B}
	EndProjectSection
EndProject
Project("{8BC9CEB8-8B4A-11D0-8D11-00A0C91BC942}") = "21_AngelScriptIntegration", "Source\Samples\21_AngelScriptIntegration\21_AngelScriptIntegration.vcxproj", "{E7E62B0F-2C03-38DF-A02B-2BB0DCF8FEAD}"
	ProjectSection(ProjectDependencies) = postProject
		{159A54C9-2165-38A0-A851-45235E3783F7} = {159A54C9-2165-38A0-A851-45235E3783F7}
		{36C62202-BF37-3E02-8B2F-94544E442F7B} = {36C62202-BF37-3E02-8B2F-94544E442F7B}
	EndProjectSection
EndProject
Project("{8BC9CEB8-8B4A-11D0-8D11-00A0C91BC942}") = "22_LuaIntegration", "Source\Samples\22_LuaIntegration\22_LuaIntegration.vcxproj", "{D75AFD11-9A6A-3613-8E8F-E918E95A4C04}"
	ProjectSection(ProjectDependencies) = postProject
		{159A54C9-2165-38A0-A851-45235E3783F7} = {159A54C9-2165-38A0-A851-45235E3783F7}
		{36C62202-BF37-3E02-8B2F-94544E442F7B} = {36C62202-BF37-3E02-8B2F-94544E442F7B}
	EndProjectSection
EndProject
Project("{8BC9CEB8-8B4A-11D0-8D11-00A0C91BC942}") = "23_Water", "Source\Samples\23_Water\23_Water.vcxproj", "{3C42DB0C-ED6B-3D12-956C-EC8ACC7DD608}"
	ProjectSection(ProjectDependencies) = postProject
		{159A54C9-2165-38A0-A851-45235E3783F7} = {159A54C9-2165-38A0-A851-45235E3783F7}
		{36C62202-BF37-3E02-8B2F-94544E442F7B} = {36C62202-BF37-3E02-8B2F-94544E442F7B}
	EndProjectSection
EndProject
Project("{8BC9CEB8-8B4A-11D0-8D11-00A0C91BC942}") = "24_Urho2DSprite", "Source\Samples\24_Urho2DSprite\24_Urho2DSprite.vcxproj", "{48CEDD77-885B-31F3-AD66-B7CC39F52E11}"
	ProjectSection(ProjectDependencies) = postProject
		{159A54C9-2165-38A0-A851-45235E3783F7} = {159A54C9-2165-38A0-A851-45235E3783F7}
		{36C62202-BF37-3E02-8B2F-94544E442F7B} = {36C62202-BF37-3E02-8B2F-94544E442F7B}
	EndProjectSection
EndProject
Project("{8BC9CEB8-8B4A-11D0-8D11-00A0C91BC942}") = "25_Urho2DParticle", "Source\Samples\25_Urho2DParticle\25_Urho2DParticle.vcxproj", "{6FE3E277-1946-343B-8DDE-200A5295DDCC}"
	ProjectSection(ProjectDependencies) = postProject
		{159A54C9-2165-38A0-A851-45235E3783F7} = {159A54C9-2165-38A0-A851-45235E3783F7}
		{36C62202-BF37-3E02-8B2F-94544E442F7B} = {36C62202-BF37-3E02-8B2F-94544E442F7B}
	EndProjectSection
EndProject
Project("{8BC9CEB8-8B4A-11D0-8D11-00A0C91BC942}") = "26_ConsoleInput", "Source\Samples\26_ConsoleInput\26_ConsoleInput.vcxproj", "{8095C4D0-725D-300E-8255-4FF68DFC9689}"
	ProjectSection(ProjectDependencies) = postProject
		{159A54C9-2165-38A0-A851-45235E3783F7} = {159A54C9-2165-38A0-A851-45235E3783F7}
		{36C62202-BF37-3E02-8B2F-94544E442F7B} = {36C62202-BF37-3E02-8B2F-94544E442F7B}
	EndProjectSection
EndProject
Project("{8BC9CEB8-8B4A-11D0-8D11-00A0C91BC942}") = "27_Urho2DPhysics", "Source\Samples\27_Urho2DPhysics\27_Urho2DPhysics.vcxproj", "{85CD083F-34F4-33A3-8540-00BEC7DC6D6D}"
	ProjectSection(ProjectDependencies) = postProject
		{159A54C9-2165-38A0-A851-45235E3783F7} = {159A54C9-2165-38A0-A851-45235E3783F7}
		{36C62202-BF37-3E02-8B2F-94544E442F7B} = {36C62202-BF37-3E02-8B2F-94544E442F7B}
	EndProjectSection
EndProject
Project("{8BC9CEB8-8B4A-11D0-8D11-00A0C91BC942}") = "28_Urho2DPhysicsRope", "Source\Samples\28_Urho2DPhysicsRope\28_Urho2DPhysicsRope.vcxproj", "{6CAB4D91-9C96-378B-B306-D3E7E7D1DE2B}"
	ProjectSection(ProjectDependencies) = postProject
		{159A54C9-2165-38A0-A851-45235E3783F7} = {159A54C9-2165-38A0-A851-45235E3783F7}
		{36C62202-BF37-3E02-8B2F-94544E442F7B} = {36C62202-BF37-3E02-8B2F-94544E442F7B}
	EndProjectSection
EndProject
Project("{8BC9CEB8-8B4A-11D0-8D11-00A0C91BC942}") = "29_SoundSynthesis", "Source\Samples\29_SoundSynthesis\29_SoundSynthesis.vcxproj", "{1F0782E7-C243-3E13-8818-C62842D4C9EA}"
	ProjectSection(ProjectDependencies) = postProject
		{159A54C9-2165-38A0-A851-45235E3783F7} = {159A54C9-2165-38A0-A851-45235E3783F7}
		{36C62202-BF37-3E02-8B2F-94544E442F7B} = {36C62202-BF37-3E02-8B2F-94544E442F7B}
	EndProjectSection
EndProject
Project("{8BC9CEB8-8B4A-11D0-8D11-00A0C91BC942}") = "30_LightAnimation", "Source\Samples\30_LightAnimation\30_LightAnimation.vcxproj", "{91141EBD-6993-38DA-8F04-F310524FDB80}"
	ProjectSection(ProjectDependencies) = postProject
		{159A54C9-2165-38A0-A851-45235E3783F7} = {159A54C9-2165-38A0-A851-45235E3783F7}
		{36C62202-BF37-3E02-8B2F-94544E442F7B} = {36C62202-BF37-3E02-8B2F-94544E442F7B}
	EndProjectSection
EndProject
Project("{8BC9CEB8-8B4A-11D0-8D11-00A0C91BC942}") = "31_MaterialAnimation", "Source\Samples\31_MaterialAnimation\31_MaterialAnimation.vcxproj", "{E16D8B8A-C509-3C99-8934-DBB29080695C}"
	ProjectSection(ProjectDependencies) = postProject
		{159A54C9-2165-38A0-A851-45235E3783F7} = {159A54C9-2165-38A0-A851-45235E3783F7}
		{36C62202-BF37-3E02-8B2F-94544E442F7B} = {36C62202-BF37-3E02-8B2F-94544E442F7B}
	EndProjectSection
EndProject
Project("{8BC9CEB8-8B4A-11D0-8D11-00A0C91BC942}") = "32_Urho2DConstraints", "Source\Samples\32_Urho2DConstraints\32_Urho2DConstraints.vcxproj", "{E9569341-9C36-3003-A2A1-410CE38D4FA2}"
	ProjectSection(ProjectDependencies) = postProject
		{159A54C9-2165-38A0-A851-45235E3783F7} = {159A54C9-2165-38A0-A851-45235E3783F7}
		{36C62202-BF37-3E02-8B2F-94544E442F7B} = {36C62202-BF37-3E02-8B2F-94544E442F7B}
	EndProjectSection
EndProject
Project("{8BC9CEB8-8B4A-11D0-8D11-00A0C91BC942}") = "33_Urho2DSpriterAnimation", "Source\Samples\33_Urho2DSpriterAnimation\33_Urho2DSpriterAnimation.vcxproj", "{CE7C905F-C4DB-3781-90F0-155677F89908}"
	ProjectSection(ProjectDependencies) = postProject
		{159A54C9-2165-38A0-A851-45235E3783F7} = {159A54C9-2165-38A0-A851-45235E3783F7}
		{36C62202-BF37-3E02-8B2F-94544E442F7B} = {36C62202-BF37-3E02-8B2F-94544E442F7B}
	EndProjectSection
EndProject
Project("{8BC9CEB8-8B4A-11D0-8D11-00A0C91BC942}") = "34_DynamicGeometry", "Source\Samples\34_DynamicGeometry\34_DynamicGeometry.vcxproj", "{5B349C51-63C3-3C5C-B6F0-BFEAB56A7154}"
	ProjectSection(ProjectDependencies) = postProject
		{159A54C9-2165-38A0-A851-45235E3783F7} = {159A54C9-2165-38A0-A851-45235E3783F7}
		{36C62202-BF37-3E02-8B2F-94544E442F7B} = {36C62202-BF37-3E02-8B2F-94544E442F7B}
	EndProjectSection
EndProject
Project("{8BC9CEB8-8B4A-11D0-8D11-00A0C91BC942}") = "35_SignedDistanceFieldText", "Source\Samples\35_SignedDistanceFieldText\35_SignedDistanceFieldText.vcxproj", "{E9F288ED-A043-308D-B2BE-D1C5D903E8BE}"
	ProjectSection(ProjectDependencies) = postProject
		{159A54C9-2165-38A0-A851-45235E3783F7} = {159A54C9-2165-38A0-A851-45235E3783F7}
		{36C62202-BF37-3E02-8B2F-94544E442F7B} = {36C62202-BF37-3E02-8B2F-94544E442F7B}
	EndProjectSection
EndProject
Project("{8BC9CEB8-8B4A-11D0-8D11-00A0C91BC942}") = "36_Urho2DTileMap", "Source\Samples\36_Urho2DTileMap\36_Urho2DTileMap.vcxproj", "{3E06E696-DBE3-357F-8949-08038F912E11}"
	ProjectSection(ProjectDependencies) = postProject
		{159A54C9-2165-38A0-A851-45235E3783F7} = {159A54C9-2165-38A0-A851-45235E3783F7}
		{36C62202-BF37-3E02-8B2F-94544E442F7B} = {36C62202-BF37-3E02-8B2F-94544E442F7B}
	EndProjectSection
EndProject
Project("{8BC9CEB8-8B4A-11D0-8D11-00A0C91BC942}") = "37_UIDrag", "Source\Samples\37_UIDrag\37_UIDrag.vcxproj", "{55643B72-F3EA-355B-AD4A-8FE0B5966E25}"
	ProjectSection(ProjectDependencies) = postProject
		{159A54C9-2165-38A0-A851-45235E3783F7} = {159A54C9-2165-38A0-A851-45235E3783F7}
		{36C62202-BF37-3E02-8B2F-94544E442F7B} = {36C62202-BF37-3E02-8B2F-94544E442F7B}
	EndProjectSection
EndProject
Project("{8BC9CEB8-8B4A-11D0-8D11-00A0C91BC942}") = "38_SceneAndUILoad", "Source\Samples\38_SceneAndUILoad\38_SceneAndUILoad.vcxproj", "{A65AB59A-55CC-3E60-8119-D0A6E2215B29}"
	ProjectSection(ProjectDependencies) = postProject
		{159A54C9-2165-38A0-A851-45235E3783F7} = {159A54C9-2165-38A0-A851-45235E3783F7}
		{36C62202-BF37-3E02-8B2F-94544E442F7B} = {36C62202-BF37-3E02-8B2F-94544E442F7B}
	EndProjectSection
EndProject
Project("{8BC9CEB8-8B4A-11D0-8D11-00A0C91BC942}") = "39_CrowdNavigation", "Source\Samples\39_CrowdNavigation\39_CrowdNavigation.vcxproj", "{5046038A-EFE4-3F0B-BEAD-C1B551770E85}"
	ProjectSection(ProjectDependencies) = postProject
		{159A54C9-2165-38A0-A851-45235E3783F7} = {159A54C9-2165-38A0-A851-45235E3783F7}
		{36C62202-BF37-3E02-8B2F-94544E442F7B} = {36C62202-BF37-3E02-8B2F-94544E442F7B}
	EndProjectSection
EndProject
Project("{8BC9CEB8-8B4A-11D0-8D11-00A0C91BC942}") = "40_Localization", "Source\Samples\40_Localization\40_Localization.vcxproj", "{D5FC0C51-EEA7-3D98-AB87-BC3F09509A55}"
	ProjectSection(ProjectDependencies) = postProject
		{159A54C9-2165-38A0-A851-45235E3783F7} = {159A54C9-2165-38A0-A851-45235E3783F7}
		{36C62202-BF37-3E02-8B2F-94544E442F7B} = {36C62202-BF37-3E02-8B2F-94544E442F7B}
	EndProjectSection
EndProject
Project("{8BC9CEB8-8B4A-11D0-8D11-00A0C91BC942}") = "42_PBRMaterials", "Source\Samples\42_PBRMaterials\42_PBRMaterials.vcxproj", "{204F2A44-D46E-31D4-A61A-A02CDDAE2475}"
	ProjectSection(ProjectDependencies) = postProject
		{159A54C9-2165-38A0-A851-45235E3783F7} = {159A54C9-2165-38A0-A851-45235E3783F7}
		{36C62202-BF37-3E02-8B2F-94544E442F7B} = {36C62202-BF37-3E02-8B2F-94544E442F7B}
	EndProjectSection
EndProject
Project("{8BC9CEB8-8B4A-11D0-8D11-00A0C91BC942}") = "43_HttpRequestDemo", "Source\Samples\43_HttpRequestDemo\43_HttpRequestDemo.vcxproj", "{118B2EBF-BED1-3A15-B33F-0D90CF72E9A2}"
	ProjectSection(ProjectDependencies) = postProject
		{159A54C9-2165-38A0-A851-45235E3783F7} = {159A54C9-2165-38A0-A851-45235E3783F7}
		{36C62202-BF37-3E02-8B2F-94544E442F7B} = {36C62202-BF37-3E02-8B2F-94544E442F7B}
	EndProjectSection
EndProject
Project("{8BC9CEB8-8B4A-11D0-8D11-00A0C91BC942}") = "44_RibbonTrailDemo", "Source\Samples\44_RibbonTrailDemo\44_RibbonTrailDemo.vcxproj", "{B844F603-9A1B-39E2-BC83-8E0C1FB155C7}"
	ProjectSection(ProjectDependencies) = postProject
		{159A54C9-2165-38A0-A851-45235E3783F7} = {159A54C9-2165-38A0-A851-45235E3783F7}
		{36C62202-BF37-3E02-8B2F-94544E442F7B} = {36C62202-BF37-3E02-8B2F-94544E442F7B}
	EndProjectSection
EndProject
Project("{8BC9CEB8-8B4A-11D0-8D11-00A0C91BC942}") = "45_InverseKinematics", "Source\Samples\45_InverseKinematics\45_InverseKinematics.vcxproj", "{6DF59990-A786-3513-91E4-F3FD96278D6B}"
	ProjectSection(ProjectDependencies) = postProject
		{159A54C9-2165-38A0-A851-45235E3783F7} = {159A54C9-2165-38A0-A851-45235E3783F7}
		{36C62202-BF37-3E02-8B2F-94544E442F7B} = {36C62202-BF37-3E02-8B2F-94544E442F7B}
	EndProjectSection
EndProject
Project("{8BC9CEB8-8B4A-11D0-8D11-00A0C91BC942}") = "46_RaycastVehicle", "Source\Samples\46_RaycastVehicle\46_RaycastVehicle.vcxproj", "{FB98B31F-2522-3D40-A4E0-834E8167E2F6}"
	ProjectSection(ProjectDependencies) = postProject
		{159A54C9-2165-38A0-A851-45235E3783F7} = {159A54C9-2165-38A0-A851-45235E3783F7}
		{36C62202-BF37-3E02-8B2F-94544E442F7B} = {36C62202-BF37-3E02-8B2F-94544E442F7B}
	EndProjectSection
EndProject
Project("{8BC9CEB8-8B4A-11D0-8D11-00A0C91BC942}") = "47_Typography", "Source\Samples\47_Typography\47_Typography.vcxproj", "{CC3AF024-E502-3BB4-B3EE-B261D4875A8E}"
	ProjectSection(ProjectDependencies) = postProject
		{159A54C9-2165-38A0-A851-45235E3783F7} = {159A54C9-2165-38A0-A851-45235E3783F7}
		{36C62202-BF37-3E02-8B2F-94544E442F7B} = {36C62202-BF37-3E02-8B2F-94544E442F7B}
	EndProjectSection
EndProject
Project("{8BC9CEB8-8B4A-11D0-8D11-00A0C91BC942}") = "48_Hello3DUI", "Source\Samples\48_Hello3DUI\48_Hello3DUI.vcxproj", "{60BC7645-4983-3E04-864E-BAC95033F171}"
	ProjectSection(ProjectDependencies) = postProject
		{159A54C9-2165-38A0-A851-45235E3783F7} = {159A54C9-2165-38A0-A851-45235E3783F7}
		{36C62202-BF37-3E02-8B2F-94544E442F7B} = {36C62202-BF37-3E02-8B2F-94544E442F7B}
	EndProjectSection
EndProject
Project("{8BC9CEB8-8B4A-11D0-8D11-00A0C91BC942}") = "49_Urho2DIsometricDemo", "Source\Samples\49_Urho2DIsometricDemo\49_Urho2DIsometricDemo.vcxproj", "{53F03B8B-541B-335B-9460-76C0E60DEB53}"
	ProjectSection(ProjectDependencies) = postProject
		{159A54C9-2165-38A0-A851-45235E3783F7} = {159A54C9-2165-38A0-A851-45235E3783F7}
		{36C62202-BF37-3E02-8B2F-94544E442F7B} = {36C62202-BF37-3E02-8B2F-94544E442F7B}
	EndProjectSection
EndProject
Project("{8BC9CEB8-8B4A-11D0-8D11-00A0C91BC942}") = "50_Urho2DPlatformer", "Source\Samples\50_Urho2DPlatformer\50_Urho2DPlatformer.vcxproj", "{48FB17C4-F2B9-3C89-B18E-60AD5A379E5C}"
	ProjectSection(ProjectDependencies) = postProject
		{159A54C9-2165-38A0-A851-45235E3783F7} = {159A54C9-2165-38A0-A851-45235E3783F7}
		{36C62202-BF37-3E02-8B2F-94544E442F7B} = {36C62202-BF37-3E02-8B2F-94544E442F7B}
	EndProjectSection
EndProject
Project("{8BC9CEB8-8B4A-11D0-8D11-00A0C91BC942}") = "AngelScript", "Source\ThirdParty\AngelScript\AngelScript.vcxproj", "{49789413-B50D-3FAD-8CF4-4CFE7AAAB96E}"
	ProjectSection(ProjectDependencies) = postProject
		{36C62202-BF37-3E02-8B2F-94544E442F7B} = {36C62202-BF37-3E02-8B2F-94544E442F7B}
	EndProjectSection
EndProject
Project("{8BC9CEB8-8B4A-11D0-8D11-00A0C91BC942}") = "AssetImporter", "Source\Tools\AssetImporter\AssetImporter.vcxproj", "{817ACA5D-D2B8-37B1-A5CB-15B14D7F0E07}"
	ProjectSection(ProjectDependencies) = postProject
		{B0E12B03-2C5F-3E5F-A26C-B05ABF09527D} = {B0E12B03-2C5F-3E5F-A26C-B05ABF09527D}
		{159A54C9-2165-38A0-A851-45235E3783F7} = {159A54C9-2165-38A0-A851-45235E3783F7}
		{36C62202-BF37-3E02-8B2F-94544E442F7B} = {36C62202-BF37-3E02-8B2F-94544E442F7B}
	EndProjectSection
EndProject
Project("{8BC9CEB8-8B4A-11D0-8D11-00A0C91BC942}") = "Assimp", "Source\ThirdParty\Assimp\code\Assimp.vcxproj", "{B0E12B03-2C5F-3E5F-A26C-B05ABF09527D}"
	ProjectSection(ProjectDependencies) = postProject
		{159A54C9-2165-38A0-A851-45235E3783F7} = {159A54C9-2165-38A0-A851-45235E3783F7}
		{36C62202-BF37-3E02-8B2F-94544E442F7B} = {36C62202-BF37-3E02-8B2F-94544E442F7B}
	EndProjectSection
EndProject
Project("{8BC9CEB8-8B4A-11D0-8D11-00A0C91BC942}") = "Box2D", "Source\ThirdParty\Box2D\Box2D.vcxproj", "{59040661-EDA9-363F-BF6B-C77E478D37CD}"
	ProjectSection(ProjectDependencies) = postProject
		{36C62202-BF37-3E02-8B2F-94544E442F7B} = {36C62202-BF37-3E02-8B2F-94544E442F7B}
	EndProjectSection
EndProject
Project("{8BC9CEB8-8B4A-11D0-8D11-00A0C91BC942}") = "Bullet", "Source\ThirdParty\Bullet\Bullet.vcxproj", "{3B7BDB40-9562-3C62-923B-7C5B14D6B30C}"
	ProjectSection(ProjectDependencies) = postProject
		{36C62202-BF37-3E02-8B2F-94544E442F7B} = {36C62202-BF37-3E02-8B2F-94544E442F7B}
	EndProjectSection
EndProject
Project("{8BC9CEB8-8B4A-11D0-8D11-00A0C91BC942}") = "Civetweb", "Source\ThirdParty\Civetweb\Civetweb.vcxproj", "{17AF3016-80A3-3E4B-BF84-65CC080A6C82}"
	ProjectSection(ProjectDependencies) = postProject
		{36C62202-BF37-3E02-8B2F-94544E442F7B} = {36C62202-BF37-3E02-8B2F-94544E442F7B}
	EndProjectSection
EndProject
Project("{8BC9CEB8-8B4A-11D0-8D11-00A0C91BC942}") = "Detour", "Source\ThirdParty\Detour\Detour.vcxproj", "{F9178294-E856-3A4C-ABEC-1385FDCCC919}"
	ProjectSection(ProjectDependencies) = postProject
		{36C62202-BF37-3E02-8B2F-94544E442F7B} = {36C62202-BF37-3E02-8B2F-94544E442F7B}
	EndProjectSection
EndProject
Project("{8BC9CEB8-8B4A-11D0-8D11-00A0C91BC942}") = "DetourCrowd", "Source\ThirdParty\DetourCrowd\DetourCrowd.vcxproj", "{57D92134-46E2-3B7A-A36E-29DE84554A0D}"
	ProjectSection(ProjectDependencies) = postProject
		{36C62202-BF37-3E02-8B2F-94544E442F7B} = {36C62202-BF37-3E02-8B2F-94544E442F7B}
	EndProjectSection
EndProject
Project("{8BC9CEB8-8B4A-11D0-8D11-00A0C91BC942}") = "DetourTileCache", "Source\ThirdParty\DetourTileCache\DetourTileCache.vcxproj", "{04EFFCDF-4A63-3ED7-A9F8-61B17A4C1E1E}"
	ProjectSection(ProjectDependencies) = postProject
		{36C62202-BF37-3E02-8B2F-94544E442F7B} = {36C62202-BF37-3E02-8B2F-94544E442F7B}
	EndProjectSection
EndProject
Project("{8BC9CEB8-8B4A-11D0-8D11-00A0C91BC942}") = "FreeType", "Source\ThirdParty\FreeType\FreeType.vcxproj", "{423F3EB7-2C0E-3FB1-B1B6-2DCBA5973F6A}"
	ProjectSection(ProjectDependencies) = postProject
		{36C62202-BF37-3E02-8B2F-94544E442F7B} = {36C62202-BF37-3E02-8B2F-94544E442F7B}
	EndProjectSection
EndProject
Project("{8BC9CEB8-8B4A-11D0-8D11-00A0C91BC942}") = "GLEW", "Source\ThirdParty\GLEW\GLEW.vcxproj", "{E314C229-3EB1-372C-9475-8EBE4FA774F0}"
	ProjectSection(ProjectDependencies) = postProject
		{36C62202-BF37-3E02-8B2F-94544E442F7B} = {36C62202-BF37-3E02-8B2F-94544E442F7B}
	EndProjectSection
EndProject
Project("{8BC9CEB8-8B4A-11D0-8D11-00A0C91BC942}") = "INSTALL", "INSTALL.vcxproj", "{A523B504-8132-3985-B50D-310672AFDCB0}"
	ProjectSection(ProjectDependencies) = postProject
		{DB25A4F6-4D12-3044-97DF-3D01B9D9805E} = {DB25A4F6-4D12-3044-97DF-3D01B9D9805E}
		{36C62202-BF37-3E02-8B2F-94544E442F7B} = {36C62202-BF37-3E02-8B2F-94544E442F7B}
	EndProjectSection
EndProject
Project("{8BC9CEB8-8B4A-11D0-8D11-00A0C91BC942}") = "LZ4", "Source\ThirdParty\LZ4\LZ4.vcxproj", "{B7A843D0-24F5-3333-A9A8-AFFDFE02A503}"
	ProjectSection(ProjectDependencies) = postProject
		{36C62202-BF37-3E02-8B2F-94544E442F7B} = {36C62202-BF37-3E02-8B2F-94544E442F7B}
	EndProjectSection
EndProject
Project("{8BC9CEB8-8B4A-11D0-8D11-00A0C91BC942}") = "LibCpuId", "Source\ThirdParty\LibCpuId\LibCpuId.vcxproj", "{AFE00D7D-0048-3873-92C1-19EC20672339}"
	ProjectSection(ProjectDependencies) = postProject
		{36C62202-BF37-3E02-8B2F-94544E442F7B} = {36C62202-BF37-3E02-8B2F-94544E442F7B}
	EndProjectSection
EndProject
Project("{8BC9CEB8-8B4A-11D0-8D11-00A0C91BC942}") = "Lua", "Source\ThirdParty\Lua\Lua.vcxproj", "{2283E41F-D846-33AF-B187-441CD531D166}"
	ProjectSection(ProjectDependencies) = postProject
		{36C62202-BF37-3E02-8B2F-94544E442F7B} = {36C62202-BF37-3E02-8B2F-94544E442F7B}
	EndProjectSection
EndProject
Project("{8BC9CEB8-8B4A-11D0-8D11-00A0C91BC942}") = "OgreImporter", "Source\Tools\OgreImporter\OgreImporter.vcxproj", "{B6DF62EC-9D90-38FC-B82A-BE86EE94027E}"
	ProjectSection(ProjectDependencies) = postProject
		{159A54C9-2165-38A0-A851-45235E3783F7} = {159A54C9-2165-38A0-A851-45235E3783F7}
		{36C62202-BF37-3E02-8B2F-94544E442F7B} = {36C62202-BF37-3E02-8B2F-94544E442F7B}
	EndProjectSection
EndProject
Project("{8BC9CEB8-8B4A-11D0-8D11-00A0C91BC942}") = "PACKAGE", "PACKAGE.vcxproj", "{D1ADB61C-7987-394B-959F-FAF444795B50}"
	ProjectSection(ProjectDependencies) = postProject
		{DB25A4F6-4D12-3044-97DF-3D01B9D9805E} = {DB25A4F6-4D12-3044-97DF-3D01B9D9805E}
		{36C62202-BF37-3E02-8B2F-94544E442F7B} = {36C62202-BF37-3E02-8B2F-94544E442F7B}
	EndProjectSection
EndProject
Project("{8BC9CEB8-8B4A-11D0-8D11-00A0C91BC942}") = "PackageTool", "Source\Tools\PackageTool\PackageTool.vcxproj", "{31B411E8-16D9-3679-BB9F-C5F912BA99A3}"
	ProjectSection(ProjectDependencies) = postProject
		{B7A843D0-24F5-3333-A9A8-AFFDFE02A503} = {B7A843D0-24F5-3333-A9A8-AFFDFE02A503}
		{159A54C9-2165-38A0-A851-45235E3783F7} = {159A54C9-2165-38A0-A851-45235E3783F7}
		{36C62202-BF37-3E02-8B2F-94544E442F7B} = {36C62202-BF37-3E02-8B2F-94544E442F7B}
	EndProjectSection
EndProject
Project("{8BC9CEB8-8B4A-11D0-8D11-00A0C91BC942}") = "PugiXml", "Source\ThirdParty\PugiXml\PugiXml.vcxproj", "{9EB23A5F-4E1F-3C5E-97A8-F02100D799AC}"
	ProjectSection(ProjectDependencies) = postProject
		{36C62202-BF37-3E02-8B2F-94544E442F7B} = {36C62202-BF37-3E02-8B2F-94544E442F7B}
	EndProjectSection
EndProject
Project("{8BC9CEB8-8B4A-11D0-8D11-00A0C91BC942}") = "RampGenerator", "Source\Tools\RampGenerator\RampGenerator.vcxproj", "{FD047089-E285-351A-9DBB-B10FF5ACB56B}"
	ProjectSection(ProjectDependencies) = postProject
		{159A54C9-2165-38A0-A851-45235E3783F7} = {159A54C9-2165-38A0-A851-45235E3783F7}
		{36C62202-BF37-3E02-8B2F-94544E442F7B} = {36C62202-BF37-3E02-8B2F-94544E442F7B}
	EndProjectSection
EndProject
Project("{8BC9CEB8-8B4A-11D0-8D11-00A0C91BC942}") = "Recast", "Source\ThirdParty\Recast\Recast.vcxproj", "{CB73EF17-0577-3BEB-928E-1B8D6A549B07}"
	ProjectSection(ProjectDependencies) = postProject
		{36C62202-BF37-3E02-8B2F-94544E442F7B} = {36C62202-BF37-3E02-8B2F-94544E442F7B}
	EndProjectSection
EndProject
Project("{8BC9CEB8-8B4A-11D0-8D11-00A0C91BC942}") = "SDL", "Source\ThirdParty\SDL\SDL.vcxproj", "{29C73F9F-4A8A-3587-806F-F3FE309260DA}"
	ProjectSection(ProjectDependencies) = postProject
		{36C62202-BF37-3E02-8B2F-94544E442F7B} = {36C62202-BF37-3E02-8B2F-94544E442F7B}
	EndProjectSection
EndProject
Project("{8BC9CEB8-8B4A-11D0-8D11-00A0C91BC942}") = "STB", "Source\ThirdParty\STB\STB.vcxproj", "{5949742D-9A88-30FA-9A3E-4297140C20B6}"
	ProjectSection(ProjectDependencies) = postProject
		{36C62202-BF37-3E02-8B2F-94544E442F7B} = {36C62202-BF37-3E02-8B2F-94544E442F7B}
	EndProjectSection
EndProject
Project("{8BC9CEB8-8B4A-11D0-8D11-00A0C91BC942}") = "ScriptCompiler", "Source\Tools\ScriptCompiler\ScriptCompiler.vcxproj", "{6DAFB183-9A41-346C-A0B7-D3BFC206E1C5}"
	ProjectSection(ProjectDependencies) = postProject
		{159A54C9-2165-38A0-A851-45235E3783F7} = {159A54C9-2165-38A0-A851-45235E3783F7}
		{36C62202-BF37-3E02-8B2F-94544E442F7B} = {36C62202-BF37-3E02-8B2F-94544E442F7B}
	EndProjectSection
EndProject
Project("{8BC9CEB8-8B4A-11D0-8D11-00A0C91BC942}") = "SpritePacker", "Source\Tools\SpritePacker\SpritePacker.vcxproj", "{CAB24457-1231-384C-88C0-676E1F7A4BE5}"
	ProjectSection(ProjectDependencies) = postProject
		{159A54C9-2165-38A0-A851-45235E3783F7} = {159A54C9-2165-38A0-A851-45235E3783F7}
		{36C62202-BF37-3E02-8B2F-94544E442F7B} = {36C62202-BF37-3E02-8B2F-94544E442F7B}
	EndProjectSection
EndProject
Project("{8BC9CEB8-8B4A-11D0-8D11-00A0C91BC942}") = "StanHull", "Source\ThirdParty\StanHull\StanHull.vcxproj", "{D3477B90-419A-36FD-BAF6-BF7B11B8B008}"
	ProjectSection(ProjectDependencies) = postProject
		{36C62202-BF37-3E02-8B2F-94544E442F7B} = {36C62202-BF37-3E02-8B2F-94544E442F7B}
	EndProjectSection
EndProject
Project("{8BC9CEB8-8B4A-11D0-8D11-00A0C91BC942}") = "Urho3D", "Source\Urho3D\Urho3D.vcxproj", "{159A54C9-2165-38A0-A851-45235E3783F7}"
	ProjectSection(ProjectDependencies) = postProject
		{49789413-B50D-3FAD-8CF4-4CFE7AAAB96E} = {49789413-B50D-3FAD-8CF4-4CFE7AAAB96E}
		{59040661-EDA9-363F-BF6B-C77E478D37CD} = {59040661-EDA9-363F-BF6B-C77E478D37CD}
		{3B7BDB40-9562-3C62-923B-7C5B14D6B30C} = {3B7BDB40-9562-3C62-923B-7C5B14D6B30C}
		{17AF3016-80A3-3E4B-BF84-65CC080A6C82} = {17AF3016-80A3-3E4B-BF84-65CC080A6C82}
		{F9178294-E856-3A4C-ABEC-1385FDCCC919} = {F9178294-E856-3A4C-ABEC-1385FDCCC919}
		{57D92134-46E2-3B7A-A36E-29DE84554A0D} = {57D92134-46E2-3B7A-A36E-29DE84554A0D}
		{04EFFCDF-4A63-3ED7-A9F8-61B17A4C1E1E} = {04EFFCDF-4A63-3ED7-A9F8-61B17A4C1E1E}
		{423F3EB7-2C0E-3FB1-B1B6-2DCBA5973F6A} = {423F3EB7-2C0E-3FB1-B1B6-2DCBA5973F6A}
		{E314C229-3EB1-372C-9475-8EBE4FA774F0} = {E314C229-3EB1-372C-9475-8EBE4FA774F0}
		{B7A843D0-24F5-3333-A9A8-AFFDFE02A503} = {B7A843D0-24F5-3333-A9A8-AFFDFE02A503}
		{AFE00D7D-0048-3873-92C1-19EC20672339} = {AFE00D7D-0048-3873-92C1-19EC20672339}
		{2283E41F-D846-33AF-B187-441CD531D166} = {2283E41F-D846-33AF-B187-441CD531D166}
		{9EB23A5F-4E1F-3C5E-97A8-F02100D799AC} = {9EB23A5F-4E1F-3C5E-97A8-F02100D799AC}
		{CB73EF17-0577-3BEB-928E-1B8D6A549B07} = {CB73EF17-0577-3BEB-928E-1B8D6A549B07}
		{29C73F9F-4A8A-3587-806F-F3FE309260DA} = {29C73F9F-4A8A-3587-806F-F3FE309260DA}
		{5949742D-9A88-30FA-9A3E-4297140C20B6} = {5949742D-9A88-30FA-9A3E-4297140C20B6}
		{D3477B90-419A-36FD-BAF6-BF7B11B8B008} = {D3477B90-419A-36FD-BAF6-BF7B11B8B008}
		{44BB2044-0FED-39BA-BAE0-27B43623CC69} = {44BB2044-0FED-39BA-BAE0-27B43623CC69}
		{36C62202-BF37-3E02-8B2F-94544E442F7B} = {36C62202-BF37-3E02-8B2F-94544E442F7B}
		{5427844D-BD7A-3FB4-AC9C-0BE71CAC988C} = {5427844D-BD7A-3FB4-AC9C-0BE71CAC988C}
		{F5FC5103-63A9-3951-A872-CF13EF9B4861} = {F5FC5103-63A9-3951-A872-CF13EF9B4861}
		{CDA76ACF-338B-36B9-A74C-54D05CC04E7E} = {CDA76ACF-338B-36B9-A74C-54D05CC04E7E}
		{56A856D1-429F-33C2-8B85-F4512B5AEC7C} = {56A856D1-429F-33C2-8B85-F4512B5AEC7C}
		{46E165F0-40FC-3301-A146-4BE84E69A14E} = {46E165F0-40FC-3301-A146-4BE84E69A14E}
	EndProjectSection
EndProject
Project("{8BC9CEB8-8B4A-11D0-8D11-00A0C91BC942}") = "Urho3DPlayer", "Source\Tools\Urho3DPlayer\Urho3DPlayer.vcxproj", "{B7DD023C-9468-3904-A014-86DC08F7F153}"
	ProjectSection(ProjectDependencies) = postProject
		{159A54C9-2165-38A0-A851-45235E3783F7} = {159A54C9-2165-38A0-A851-45235E3783F7}
		{36C62202-BF37-3E02-8B2F-94544E442F7B} = {36C62202-BF37-3E02-8B2F-94544E442F7B}
	EndProjectSection
EndProject
Project("{8BC9CEB8-8B4A-11D0-8D11-00A0C91BC942}") = "WebP", "Source\ThirdParty\WebP\WebP.vcxproj", "{44BB2044-0FED-39BA-BAE0-27B43623CC69}"
	ProjectSection(ProjectDependencies) = postProject
		{36C62202-BF37-3E02-8B2F-94544E442F7B} = {36C62202-BF37-3E02-8B2F-94544E442F7B}
	EndProjectSection
EndProject
Project("{8BC9CEB8-8B4A-11D0-8D11-00A0C91BC942}") = "ZERO_CHECK", "ZERO_CHECK.vcxproj", "{36C62202-BF37-3E02-8B2F-94544E442F7B}"
EndProject
Project("{8BC9CEB8-8B4A-11D0-8D11-00A0C91BC942}") = "ik", "Source\ThirdParty\ik\ik.vcxproj", "{5427844D-BD7A-3FB4-AC9C-0BE71CAC988C}"
	ProjectSection(ProjectDependencies) = postProject
		{36C62202-BF37-3E02-8B2F-94544E442F7B} = {36C62202-BF37-3E02-8B2F-94544E442F7B}
	EndProjectSection
EndProject
Project("{8BC9CEB8-8B4A-11D0-8D11-00A0C91BC942}") = "kNet", "Source\ThirdParty\kNet\kNet.vcxproj", "{F5FC5103-63A9-3951-A872-CF13EF9B4861}"
	ProjectSection(ProjectDependencies) = postProject
		{36C62202-BF37-3E02-8B2F-94544E442F7B} = {36C62202-BF37-3E02-8B2F-94544E442F7B}
	EndProjectSection
EndProject
Project("{8BC9CEB8-8B4A-11D0-8D11-00A0C91BC942}") = "lua_interpreter", "Source\ThirdParty\Lua\lua_interpreter.vcxproj", "{D0499440-8239-317F-A817-080D5252C5EA}"
	ProjectSection(ProjectDependencies) = postProject
		{2283E41F-D846-33AF-B187-441CD531D166} = {2283E41F-D846-33AF-B187-441CD531D166}
		{36C62202-BF37-3E02-8B2F-94544E442F7B} = {36C62202-BF37-3E02-8B2F-94544E442F7B}
	EndProjectSection
EndProject
Project("{8BC9CEB8-8B4A-11D0-8D11-00A0C91BC942}") = "luac", "Source\ThirdParty\Lua\luac.vcxproj", "{8437E835-D9F7-3D93-84F9-1C7E924BA470}"
	ProjectSection(ProjectDependencies) = postProject
		{2283E41F-D846-33AF-B187-441CD531D166} = {2283E41F-D846-33AF-B187-441CD531D166}
		{36C62202-BF37-3E02-8B2F-94544E442F7B} = {36C62202-BF37-3E02-8B2F-94544E442F7B}
	EndProjectSection
EndProject
Project("{8BC9CEB8-8B4A-11D0-8D11-00A0C91BC942}") = "rapidjson", "Source\ThirdParty\rapidjson\rapidjson.vcxproj", "{CDA76ACF-338B-36B9-A74C-54D05CC04E7E}"
	ProjectSection(ProjectDependencies) = postProject
		{36C62202-BF37-3E02-8B2F-94544E442F7B} = {36C62202-BF37-3E02-8B2F-94544E442F7B}
	EndProjectSection
EndProject
Project("{8BC9CEB8-8B4A-11D0-8D11-00A0C91BC942}") = "tolua++", "Source\ThirdParty\toluapp\src\bin\tolua++.vcxproj", "{56A856D1-429F-33C2-8B85-F4512B5AEC7C}"
	ProjectSection(ProjectDependencies) = postProject
		{2283E41F-D846-33AF-B187-441CD531D166} = {2283E41F-D846-33AF-B187-441CD531D166}
		{36C62202-BF37-3E02-8B2F-94544E442F7B} = {36C62202-BF37-3E02-8B2F-94544E442F7B}
		{46E165F0-40FC-3301-A146-4BE84E69A14E} = {46E165F0-40FC-3301-A146-4BE84E69A14E}
	EndProjectSection
EndProject
Project("{8BC9CEB8-8B4A-11D0-8D11-00A0C91BC942}") = "toluapp", "Source\ThirdParty\toluapp\src\lib\toluapp.vcxproj", "{46E165F0-40FC-3301-A146-4BE84E69A14E}"
	ProjectSection(ProjectDependencies) = postProject
		{36C62202-BF37-3E02-8B2F-94544E442F7B} = {36C62202-BF37-3E02-8B2F-94544E442F7B}
	EndProjectSection
EndProject
Project("{2150E333-8FDC-42A3-9474-1A3956D46DE8}") = "Demo", "Demo", "{8B9E46D3-6078-47F7-86E9-23882F764E36}"
EndProject
Project("{8BC9CEB8-8B4A-11D0-8D11-00A0C91BC942}") = "00_DogDemo", "Source\Samples\00_DogDemo\00_DogDemo.vcxproj", "{D0C683A4-B2AE-426F-BD27-5C0EA0717153}"
EndProject
Project("{8BC9CEB8-8B4A-11D0-8D11-00A0C91BC942}") = "51_Urho2DStretchableSprite", "Source\Samples\63_OffroadVehicle\63_OffroadVehicle.vcxproj", "{E0CAE356-6F37-40DA-BF3E-470732C5FE2F}"
EndProject
Project("{8BC9CEB8-8B4A-11D0-8D11-00A0C91BC942}") = "XX_KinematicControllerTest", "Source\Samples\XX_KinematicControllerTest\XX_KinematicControllerTest.vcxproj", "{913F6202-40BB-4C73-96CA-9733FAA6A8C5}"
EndProject
Project("{8BC9CEB8-8B4A-11D0-8D11-00A0C91BC942}") = "_GunDemo", "Source\Samples\_GunDemo\_GunDemo.vcxproj", "{0FCCF73C-20D2-435C-9026-79F574728141}"
EndProject
Global
	GlobalSection(SolutionConfigurationPlatforms) = preSolution
		Debug|x64 = Debug|x64
		Release|x64 = Release|x64
		RelWithDebInfo|x64 = RelWithDebInfo|x64
	EndGlobalSection
	GlobalSection(ProjectConfigurationPlatforms) = postSolution
		{DB25A4F6-4D12-3044-97DF-3D01B9D9805E}.Debug|x64.ActiveCfg = Debug|x64
		{DB25A4F6-4D12-3044-97DF-3D01B9D9805E}.Debug|x64.Build.0 = Debug|x64
		{DB25A4F6-4D12-3044-97DF-3D01B9D9805E}.Release|x64.ActiveCfg = Release|x64
		{DB25A4F6-4D12-3044-97DF-3D01B9D9805E}.Release|x64.Build.0 = Release|x64
		{DB25A4F6-4D12-3044-97DF-3D01B9D9805E}.RelWithDebInfo|x64.ActiveCfg = RelWithDebInfo|x64
		{DB25A4F6-4D12-3044-97DF-3D01B9D9805E}.RelWithDebInfo|x64.Build.0 = RelWithDebInfo|x64
		{A69A7539-CCFB-30F4-9938-E5AAF87A2336}.Debug|x64.ActiveCfg = Debug|x64
		{A69A7539-CCFB-30F4-9938-E5AAF87A2336}.Debug|x64.Build.0 = Debug|x64
		{A69A7539-CCFB-30F4-9938-E5AAF87A2336}.Release|x64.ActiveCfg = Release|x64
		{A69A7539-CCFB-30F4-9938-E5AAF87A2336}.Release|x64.Build.0 = Release|x64
		{A69A7539-CCFB-30F4-9938-E5AAF87A2336}.RelWithDebInfo|x64.ActiveCfg = RelWithDebInfo|x64
		{A69A7539-CCFB-30F4-9938-E5AAF87A2336}.RelWithDebInfo|x64.Build.0 = RelWithDebInfo|x64
		{00ECF906-B57F-367A-8821-4147A20E29F5}.Debug|x64.ActiveCfg = Debug|x64
		{00ECF906-B57F-367A-8821-4147A20E29F5}.Debug|x64.Build.0 = Debug|x64
		{00ECF906-B57F-367A-8821-4147A20E29F5}.Release|x64.ActiveCfg = Release|x64
		{00ECF906-B57F-367A-8821-4147A20E29F5}.Release|x64.Build.0 = Release|x64
		{00ECF906-B57F-367A-8821-4147A20E29F5}.RelWithDebInfo|x64.ActiveCfg = RelWithDebInfo|x64
		{00ECF906-B57F-367A-8821-4147A20E29F5}.RelWithDebInfo|x64.Build.0 = RelWithDebInfo|x64
		{7A462E83-D6A6-31D3-9DBF-F4ABF3D3AB4F}.Debug|x64.ActiveCfg = Debug|x64
		{7A462E83-D6A6-31D3-9DBF-F4ABF3D3AB4F}.Debug|x64.Build.0 = Debug|x64
		{7A462E83-D6A6-31D3-9DBF-F4ABF3D3AB4F}.Release|x64.ActiveCfg = Release|x64
		{7A462E83-D6A6-31D3-9DBF-F4ABF3D3AB4F}.Release|x64.Build.0 = Release|x64
		{7A462E83-D6A6-31D3-9DBF-F4ABF3D3AB4F}.RelWithDebInfo|x64.ActiveCfg = RelWithDebInfo|x64
		{7A462E83-D6A6-31D3-9DBF-F4ABF3D3AB4F}.RelWithDebInfo|x64.Build.0 = RelWithDebInfo|x64
		{D9D5905B-0F8A-3DD9-8490-D799684EC431}.Debug|x64.ActiveCfg = Debug|x64
		{D9D5905B-0F8A-3DD9-8490-D799684EC431}.Debug|x64.Build.0 = Debug|x64
		{D9D5905B-0F8A-3DD9-8490-D799684EC431}.Release|x64.ActiveCfg = Release|x64
		{D9D5905B-0F8A-3DD9-8490-D799684EC431}.Release|x64.Build.0 = Release|x64
		{D9D5905B-0F8A-3DD9-8490-D799684EC431}.RelWithDebInfo|x64.ActiveCfg = RelWithDebInfo|x64
		{D9D5905B-0F8A-3DD9-8490-D799684EC431}.RelWithDebInfo|x64.Build.0 = RelWithDebInfo|x64
		{E42CFF31-B603-39D8-A09E-E0F9E0102B9B}.Debug|x64.ActiveCfg = Debug|x64
		{E42CFF31-B603-39D8-A09E-E0F9E0102B9B}.Debug|x64.Build.0 = Debug|x64
		{E42CFF31-B603-39D8-A09E-E0F9E0102B9B}.Release|x64.ActiveCfg = Release|x64
		{E42CFF31-B603-39D8-A09E-E0F9E0102B9B}.Release|x64.Build.0 = Release|x64
		{E42CFF31-B603-39D8-A09E-E0F9E0102B9B}.RelWithDebInfo|x64.ActiveCfg = RelWithDebInfo|x64
		{E42CFF31-B603-39D8-A09E-E0F9E0102B9B}.RelWithDebInfo|x64.Build.0 = RelWithDebInfo|x64
		{9A3069D8-10AF-3223-B5AA-F637123A8D1B}.Debug|x64.ActiveCfg = Debug|x64
		{9A3069D8-10AF-3223-B5AA-F637123A8D1B}.Debug|x64.Build.0 = Debug|x64
		{9A3069D8-10AF-3223-B5AA-F637123A8D1B}.Release|x64.ActiveCfg = Release|x64
		{9A3069D8-10AF-3223-B5AA-F637123A8D1B}.Release|x64.Build.0 = Release|x64
		{9A3069D8-10AF-3223-B5AA-F637123A8D1B}.RelWithDebInfo|x64.ActiveCfg = RelWithDebInfo|x64
		{9A3069D8-10AF-3223-B5AA-F637123A8D1B}.RelWithDebInfo|x64.Build.0 = RelWithDebInfo|x64
		{E0CD52C0-DCEC-3B20-8E24-BE1470E9B57B}.Debug|x64.ActiveCfg = Debug|x64
		{E0CD52C0-DCEC-3B20-8E24-BE1470E9B57B}.Debug|x64.Build.0 = Debug|x64
		{E0CD52C0-DCEC-3B20-8E24-BE1470E9B57B}.Release|x64.ActiveCfg = Release|x64
		{E0CD52C0-DCEC-3B20-8E24-BE1470E9B57B}.Release|x64.Build.0 = Release|x64
		{E0CD52C0-DCEC-3B20-8E24-BE1470E9B57B}.RelWithDebInfo|x64.ActiveCfg = RelWithDebInfo|x64
		{E0CD52C0-DCEC-3B20-8E24-BE1470E9B57B}.RelWithDebInfo|x64.Build.0 = RelWithDebInfo|x64
		{BDC0FD8E-EBA0-3795-909F-5266A94EF1F0}.Debug|x64.ActiveCfg = Debug|x64
		{BDC0FD8E-EBA0-3795-909F-5266A94EF1F0}.Debug|x64.Build.0 = Debug|x64
		{BDC0FD8E-EBA0-3795-909F-5266A94EF1F0}.Release|x64.ActiveCfg = Release|x64
		{BDC0FD8E-EBA0-3795-909F-5266A94EF1F0}.Release|x64.Build.0 = Release|x64
		{BDC0FD8E-EBA0-3795-909F-5266A94EF1F0}.RelWithDebInfo|x64.ActiveCfg = RelWithDebInfo|x64
		{BDC0FD8E-EBA0-3795-909F-5266A94EF1F0}.RelWithDebInfo|x64.Build.0 = RelWithDebInfo|x64
		{3D2593A7-723E-3F04-928B-4E5DF06E1240}.Debug|x64.ActiveCfg = Debug|x64
		{3D2593A7-723E-3F04-928B-4E5DF06E1240}.Debug|x64.Build.0 = Debug|x64
		{3D2593A7-723E-3F04-928B-4E5DF06E1240}.Release|x64.ActiveCfg = Release|x64
		{3D2593A7-723E-3F04-928B-4E5DF06E1240}.Release|x64.Build.0 = Release|x64
		{3D2593A7-723E-3F04-928B-4E5DF06E1240}.RelWithDebInfo|x64.ActiveCfg = RelWithDebInfo|x64
		{3D2593A7-723E-3F04-928B-4E5DF06E1240}.RelWithDebInfo|x64.Build.0 = RelWithDebInfo|x64
		{94581B26-98D6-3ABA-ADD4-E96C48C8C05B}.Debug|x64.ActiveCfg = Debug|x64
		{94581B26-98D6-3ABA-ADD4-E96C48C8C05B}.Debug|x64.Build.0 = Debug|x64
		{94581B26-98D6-3ABA-ADD4-E96C48C8C05B}.Release|x64.ActiveCfg = Release|x64
		{94581B26-98D6-3ABA-ADD4-E96C48C8C05B}.Release|x64.Build.0 = Release|x64
		{94581B26-98D6-3ABA-ADD4-E96C48C8C05B}.RelWithDebInfo|x64.ActiveCfg = RelWithDebInfo|x64
		{94581B26-98D6-3ABA-ADD4-E96C48C8C05B}.RelWithDebInfo|x64.Build.0 = RelWithDebInfo|x64
		{6A8F9768-0366-3EAA-97FA-38D4E4F1B71B}.Debug|x64.ActiveCfg = Debug|x64
		{6A8F9768-0366-3EAA-97FA-38D4E4F1B71B}.Debug|x64.Build.0 = Debug|x64
		{6A8F9768-0366-3EAA-97FA-38D4E4F1B71B}.Release|x64.ActiveCfg = Release|x64
		{6A8F9768-0366-3EAA-97FA-38D4E4F1B71B}.Release|x64.Build.0 = Release|x64
		{6A8F9768-0366-3EAA-97FA-38D4E4F1B71B}.RelWithDebInfo|x64.ActiveCfg = RelWithDebInfo|x64
		{6A8F9768-0366-3EAA-97FA-38D4E4F1B71B}.RelWithDebInfo|x64.Build.0 = RelWithDebInfo|x64
		{28EB8D21-D72D-3CB3-A854-26ABE68D57F0}.Debug|x64.ActiveCfg = Debug|x64
		{28EB8D21-D72D-3CB3-A854-26ABE68D57F0}.Debug|x64.Build.0 = Debug|x64
		{28EB8D21-D72D-3CB3-A854-26ABE68D57F0}.Release|x64.ActiveCfg = Release|x64
		{28EB8D21-D72D-3CB3-A854-26ABE68D57F0}.Release|x64.Build.0 = Release|x64
		{28EB8D21-D72D-3CB3-A854-26ABE68D57F0}.RelWithDebInfo|x64.ActiveCfg = RelWithDebInfo|x64
		{28EB8D21-D72D-3CB3-A854-26ABE68D57F0}.RelWithDebInfo|x64.Build.0 = RelWithDebInfo|x64
		{7E6A7546-CC51-33A1-9389-2FC47DF447A9}.Debug|x64.ActiveCfg = Debug|x64
		{7E6A7546-CC51-33A1-9389-2FC47DF447A9}.Debug|x64.Build.0 = Debug|x64
		{7E6A7546-CC51-33A1-9389-2FC47DF447A9}.Release|x64.ActiveCfg = Release|x64
		{7E6A7546-CC51-33A1-9389-2FC47DF447A9}.Release|x64.Build.0 = Release|x64
		{7E6A7546-CC51-33A1-9389-2FC47DF447A9}.RelWithDebInfo|x64.ActiveCfg = RelWithDebInfo|x64
		{7E6A7546-CC51-33A1-9389-2FC47DF447A9}.RelWithDebInfo|x64.Build.0 = RelWithDebInfo|x64
		{219C288C-9AAE-3F82-9C1E-893A1B25D497}.Debug|x64.ActiveCfg = Debug|x64
		{219C288C-9AAE-3F82-9C1E-893A1B25D497}.Debug|x64.Build.0 = Debug|x64
		{219C288C-9AAE-3F82-9C1E-893A1B25D497}.Release|x64.ActiveCfg = Release|x64
		{219C288C-9AAE-3F82-9C1E-893A1B25D497}.Release|x64.Build.0 = Release|x64
		{219C288C-9AAE-3F82-9C1E-893A1B25D497}.RelWithDebInfo|x64.ActiveCfg = RelWithDebInfo|x64
		{219C288C-9AAE-3F82-9C1E-893A1B25D497}.RelWithDebInfo|x64.Build.0 = RelWithDebInfo|x64
		{970ED827-ECFB-385A-A5DF-3F6F5CF7276B}.Debug|x64.ActiveCfg = Debug|x64
		{970ED827-ECFB-385A-A5DF-3F6F5CF7276B}.Debug|x64.Build.0 = Debug|x64
		{970ED827-ECFB-385A-A5DF-3F6F5CF7276B}.Release|x64.ActiveCfg = Release|x64
		{970ED827-ECFB-385A-A5DF-3F6F5CF7276B}.Release|x64.Build.0 = Release|x64
		{970ED827-ECFB-385A-A5DF-3F6F5CF7276B}.RelWithDebInfo|x64.ActiveCfg = RelWithDebInfo|x64
		{970ED827-ECFB-385A-A5DF-3F6F5CF7276B}.RelWithDebInfo|x64.Build.0 = RelWithDebInfo|x64
		{6C5452B7-9CB5-3F01-844D-31D882D30F95}.Debug|x64.ActiveCfg = Debug|x64
		{6C5452B7-9CB5-3F01-844D-31D882D30F95}.Debug|x64.Build.0 = Debug|x64
		{6C5452B7-9CB5-3F01-844D-31D882D30F95}.Release|x64.ActiveCfg = Release|x64
		{6C5452B7-9CB5-3F01-844D-31D882D30F95}.Release|x64.Build.0 = Release|x64
		{6C5452B7-9CB5-3F01-844D-31D882D30F95}.RelWithDebInfo|x64.ActiveCfg = RelWithDebInfo|x64
		{6C5452B7-9CB5-3F01-844D-31D882D30F95}.RelWithDebInfo|x64.Build.0 = RelWithDebInfo|x64
		{2F36F09C-1070-313E-8950-2B84CF1CD21D}.Debug|x64.ActiveCfg = Debug|x64
		{2F36F09C-1070-313E-8950-2B84CF1CD21D}.Debug|x64.Build.0 = Debug|x64
		{2F36F09C-1070-313E-8950-2B84CF1CD21D}.Release|x64.ActiveCfg = Release|x64
		{2F36F09C-1070-313E-8950-2B84CF1CD21D}.Release|x64.Build.0 = Release|x64
		{2F36F09C-1070-313E-8950-2B84CF1CD21D}.RelWithDebInfo|x64.ActiveCfg = RelWithDebInfo|x64
		{2F36F09C-1070-313E-8950-2B84CF1CD21D}.RelWithDebInfo|x64.Build.0 = RelWithDebInfo|x64
		{62BD5984-DBE7-36BC-9E15-4134DBA2355C}.Debug|x64.ActiveCfg = Debug|x64
		{62BD5984-DBE7-36BC-9E15-4134DBA2355C}.Debug|x64.Build.0 = Debug|x64
		{62BD5984-DBE7-36BC-9E15-4134DBA2355C}.Release|x64.ActiveCfg = Release|x64
		{62BD5984-DBE7-36BC-9E15-4134DBA2355C}.Release|x64.Build.0 = Release|x64
		{62BD5984-DBE7-36BC-9E15-4134DBA2355C}.RelWithDebInfo|x64.ActiveCfg = RelWithDebInfo|x64
		{62BD5984-DBE7-36BC-9E15-4134DBA2355C}.RelWithDebInfo|x64.Build.0 = RelWithDebInfo|x64
		{5560B7C7-F658-38E2-A2E0-D0A8A47111CB}.Debug|x64.ActiveCfg = Debug|x64
		{5560B7C7-F658-38E2-A2E0-D0A8A47111CB}.Debug|x64.Build.0 = Debug|x64
		{5560B7C7-F658-38E2-A2E0-D0A8A47111CB}.Release|x64.ActiveCfg = Release|x64
		{5560B7C7-F658-38E2-A2E0-D0A8A47111CB}.Release|x64.Build.0 = Release|x64
		{5560B7C7-F658-38E2-A2E0-D0A8A47111CB}.RelWithDebInfo|x64.ActiveCfg = RelWithDebInfo|x64
		{5560B7C7-F658-38E2-A2E0-D0A8A47111CB}.RelWithDebInfo|x64.Build.0 = RelWithDebInfo|x64
		{DEE0540C-A877-3674-AF29-51B5418575E2}.Debug|x64.ActiveCfg = Debug|x64
		{DEE0540C-A877-3674-AF29-51B5418575E2}.Debug|x64.Build.0 = Debug|x64
		{DEE0540C-A877-3674-AF29-51B5418575E2}.Release|x64.ActiveCfg = Release|x64
		{DEE0540C-A877-3674-AF29-51B5418575E2}.Release|x64.Build.0 = Release|x64
		{DEE0540C-A877-3674-AF29-51B5418575E2}.RelWithDebInfo|x64.ActiveCfg = RelWithDebInfo|x64
		{DEE0540C-A877-3674-AF29-51B5418575E2}.RelWithDebInfo|x64.Build.0 = RelWithDebInfo|x64
		{E7E62B0F-2C03-38DF-A02B-2BB0DCF8FEAD}.Debug|x64.ActiveCfg = Debug|x64
		{E7E62B0F-2C03-38DF-A02B-2BB0DCF8FEAD}.Debug|x64.Build.0 = Debug|x64
		{E7E62B0F-2C03-38DF-A02B-2BB0DCF8FEAD}.Release|x64.ActiveCfg = Release|x64
		{E7E62B0F-2C03-38DF-A02B-2BB0DCF8FEAD}.Release|x64.Build.0 = Release|x64
		{E7E62B0F-2C03-38DF-A02B-2BB0DCF8FEAD}.RelWithDebInfo|x64.ActiveCfg = RelWithDebInfo|x64
		{E7E62B0F-2C03-38DF-A02B-2BB0DCF8FEAD}.RelWithDebInfo|x64.Build.0 = RelWithDebInfo|x64
		{D75AFD11-9A6A-3613-8E8F-E918E95A4C04}.Debug|x64.ActiveCfg = Debug|x64
		{D75AFD11-9A6A-3613-8E8F-E918E95A4C04}.Debug|x64.Build.0 = Debug|x64
		{D75AFD11-9A6A-3613-8E8F-E918E95A4C04}.Release|x64.ActiveCfg = Release|x64
		{D75AFD11-9A6A-3613-8E8F-E918E95A4C04}.Release|x64.Build.0 = Release|x64
		{D75AFD11-9A6A-3613-8E8F-E918E95A4C04}.RelWithDebInfo|x64.ActiveCfg = RelWithDebInfo|x64
		{D75AFD11-9A6A-3613-8E8F-E918E95A4C04}.RelWithDebInfo|x64.Build.0 = RelWithDebInfo|x64
		{3C42DB0C-ED6B-3D12-956C-EC8ACC7DD608}.Debug|x64.ActiveCfg = Debug|x64
		{3C42DB0C-ED6B-3D12-956C-EC8ACC7DD608}.Debug|x64.Build.0 = Debug|x64
		{3C42DB0C-ED6B-3D12-956C-EC8ACC7DD608}.Release|x64.ActiveCfg = Release|x64
		{3C42DB0C-ED6B-3D12-956C-EC8ACC7DD608}.Release|x64.Build.0 = Release|x64
		{3C42DB0C-ED6B-3D12-956C-EC8ACC7DD608}.RelWithDebInfo|x64.ActiveCfg = RelWithDebInfo|x64
		{3C42DB0C-ED6B-3D12-956C-EC8ACC7DD608}.RelWithDebInfo|x64.Build.0 = RelWithDebInfo|x64
		{48CEDD77-885B-31F3-AD66-B7CC39F52E11}.Debug|x64.ActiveCfg = Debug|x64
		{48CEDD77-885B-31F3-AD66-B7CC39F52E11}.Debug|x64.Build.0 = Debug|x64
		{48CEDD77-885B-31F3-AD66-B7CC39F52E11}.Release|x64.ActiveCfg = Release|x64
		{48CEDD77-885B-31F3-AD66-B7CC39F52E11}.Release|x64.Build.0 = Release|x64
		{48CEDD77-885B-31F3-AD66-B7CC39F52E11}.RelWithDebInfo|x64.ActiveCfg = RelWithDebInfo|x64
		{48CEDD77-885B-31F3-AD66-B7CC39F52E11}.RelWithDebInfo|x64.Build.0 = RelWithDebInfo|x64
		{6FE3E277-1946-343B-8DDE-200A5295DDCC}.Debug|x64.ActiveCfg = Debug|x64
		{6FE3E277-1946-343B-8DDE-200A5295DDCC}.Debug|x64.Build.0 = Debug|x64
		{6FE3E277-1946-343B-8DDE-200A5295DDCC}.Release|x64.ActiveCfg = Release|x64
		{6FE3E277-1946-343B-8DDE-200A5295DDCC}.Release|x64.Build.0 = Release|x64
		{6FE3E277-1946-343B-8DDE-200A5295DDCC}.RelWithDebInfo|x64.ActiveCfg = RelWithDebInfo|x64
		{6FE3E277-1946-343B-8DDE-200A5295DDCC}.RelWithDebInfo|x64.Build.0 = RelWithDebInfo|x64
		{8095C4D0-725D-300E-8255-4FF68DFC9689}.Debug|x64.ActiveCfg = Debug|x64
		{8095C4D0-725D-300E-8255-4FF68DFC9689}.Debug|x64.Build.0 = Debug|x64
		{8095C4D0-725D-300E-8255-4FF68DFC9689}.Release|x64.ActiveCfg = Release|x64
		{8095C4D0-725D-300E-8255-4FF68DFC9689}.Release|x64.Build.0 = Release|x64
		{8095C4D0-725D-300E-8255-4FF68DFC9689}.RelWithDebInfo|x64.ActiveCfg = RelWithDebInfo|x64
		{8095C4D0-725D-300E-8255-4FF68DFC9689}.RelWithDebInfo|x64.Build.0 = RelWithDebInfo|x64
		{85CD083F-34F4-33A3-8540-00BEC7DC6D6D}.Debug|x64.ActiveCfg = Debug|x64
		{85CD083F-34F4-33A3-8540-00BEC7DC6D6D}.Debug|x64.Build.0 = Debug|x64
		{85CD083F-34F4-33A3-8540-00BEC7DC6D6D}.Release|x64.ActiveCfg = Release|x64
		{85CD083F-34F4-33A3-8540-00BEC7DC6D6D}.Release|x64.Build.0 = Release|x64
		{85CD083F-34F4-33A3-8540-00BEC7DC6D6D}.RelWithDebInfo|x64.ActiveCfg = RelWithDebInfo|x64
		{85CD083F-34F4-33A3-8540-00BEC7DC6D6D}.RelWithDebInfo|x64.Build.0 = RelWithDebInfo|x64
		{6CAB4D91-9C96-378B-B306-D3E7E7D1DE2B}.Debug|x64.ActiveCfg = Debug|x64
		{6CAB4D91-9C96-378B-B306-D3E7E7D1DE2B}.Debug|x64.Build.0 = Debug|x64
		{6CAB4D91-9C96-378B-B306-D3E7E7D1DE2B}.Release|x64.ActiveCfg = Release|x64
		{6CAB4D91-9C96-378B-B306-D3E7E7D1DE2B}.Release|x64.Build.0 = Release|x64
		{6CAB4D91-9C96-378B-B306-D3E7E7D1DE2B}.RelWithDebInfo|x64.ActiveCfg = RelWithDebInfo|x64
		{6CAB4D91-9C96-378B-B306-D3E7E7D1DE2B}.RelWithDebInfo|x64.Build.0 = RelWithDebInfo|x64
		{1F0782E7-C243-3E13-8818-C62842D4C9EA}.Debug|x64.ActiveCfg = Debug|x64
		{1F0782E7-C243-3E13-8818-C62842D4C9EA}.Debug|x64.Build.0 = Debug|x64
		{1F0782E7-C243-3E13-8818-C62842D4C9EA}.Release|x64.ActiveCfg = Release|x64
		{1F0782E7-C243-3E13-8818-C62842D4C9EA}.Release|x64.Build.0 = Release|x64
		{1F0782E7-C243-3E13-8818-C62842D4C9EA}.RelWithDebInfo|x64.ActiveCfg = RelWithDebInfo|x64
		{1F0782E7-C243-3E13-8818-C62842D4C9EA}.RelWithDebInfo|x64.Build.0 = RelWithDebInfo|x64
		{91141EBD-6993-38DA-8F04-F310524FDB80}.Debug|x64.ActiveCfg = Debug|x64
		{91141EBD-6993-38DA-8F04-F310524FDB80}.Debug|x64.Build.0 = Debug|x64
		{91141EBD-6993-38DA-8F04-F310524FDB80}.Release|x64.ActiveCfg = Release|x64
		{91141EBD-6993-38DA-8F04-F310524FDB80}.Release|x64.Build.0 = Release|x64
		{91141EBD-6993-38DA-8F04-F310524FDB80}.RelWithDebInfo|x64.ActiveCfg = RelWithDebInfo|x64
		{91141EBD-6993-38DA-8F04-F310524FDB80}.RelWithDebInfo|x64.Build.0 = RelWithDebInfo|x64
		{E16D8B8A-C509-3C99-8934-DBB29080695C}.Debug|x64.ActiveCfg = Debug|x64
		{E16D8B8A-C509-3C99-8934-DBB29080695C}.Debug|x64.Build.0 = Debug|x64
		{E16D8B8A-C509-3C99-8934-DBB29080695C}.Release|x64.ActiveCfg = Release|x64
		{E16D8B8A-C509-3C99-8934-DBB29080695C}.Release|x64.Build.0 = Release|x64
		{E16D8B8A-C509-3C99-8934-DBB29080695C}.RelWithDebInfo|x64.ActiveCfg = RelWithDebInfo|x64
		{E16D8B8A-C509-3C99-8934-DBB29080695C}.RelWithDebInfo|x64.Build.0 = RelWithDebInfo|x64
		{E9569341-9C36-3003-A2A1-410CE38D4FA2}.Debug|x64.ActiveCfg = Debug|x64
		{E9569341-9C36-3003-A2A1-410CE38D4FA2}.Debug|x64.Build.0 = Debug|x64
		{E9569341-9C36-3003-A2A1-410CE38D4FA2}.Release|x64.ActiveCfg = Release|x64
		{E9569341-9C36-3003-A2A1-410CE38D4FA2}.Release|x64.Build.0 = Release|x64
		{E9569341-9C36-3003-A2A1-410CE38D4FA2}.RelWithDebInfo|x64.ActiveCfg = RelWithDebInfo|x64
		{E9569341-9C36-3003-A2A1-410CE38D4FA2}.RelWithDebInfo|x64.Build.0 = RelWithDebInfo|x64
		{CE7C905F-C4DB-3781-90F0-155677F89908}.Debug|x64.ActiveCfg = Debug|x64
		{CE7C905F-C4DB-3781-90F0-155677F89908}.Debug|x64.Build.0 = Debug|x64
		{CE7C905F-C4DB-3781-90F0-155677F89908}.Release|x64.ActiveCfg = Release|x64
		{CE7C905F-C4DB-3781-90F0-155677F89908}.Release|x64.Build.0 = Release|x64
		{CE7C905F-C4DB-3781-90F0-155677F89908}.RelWithDebInfo|x64.ActiveCfg = RelWithDebInfo|x64
		{CE7C905F-C4DB-3781-90F0-155677F89908}.RelWithDebInfo|x64.Build.0 = RelWithDebInfo|x64
		{5B349C51-63C3-3C5C-B6F0-BFEAB56A7154}.Debug|x64.ActiveCfg = Debug|x64
		{5B349C51-63C3-3C5C-B6F0-BFEAB56A7154}.Debug|x64.Build.0 = Debug|x64
		{5B349C51-63C3-3C5C-B6F0-BFEAB56A7154}.Release|x64.ActiveCfg = Release|x64
		{5B349C51-63C3-3C5C-B6F0-BFEAB56A7154}.Release|x64.Build.0 = Release|x64
		{5B349C51-63C3-3C5C-B6F0-BFEAB56A7154}.RelWithDebInfo|x64.ActiveCfg = RelWithDebInfo|x64
		{5B349C51-63C3-3C5C-B6F0-BFEAB56A7154}.RelWithDebInfo|x64.Build.0 = RelWithDebInfo|x64
		{E9F288ED-A043-308D-B2BE-D1C5D903E8BE}.Debug|x64.ActiveCfg = Debug|x64
		{E9F288ED-A043-308D-B2BE-D1C5D903E8BE}.Debug|x64.Build.0 = Debug|x64
		{E9F288ED-A043-308D-B2BE-D1C5D903E8BE}.Release|x64.ActiveCfg = Release|x64
		{E9F288ED-A043-308D-B2BE-D1C5D903E8BE}.Release|x64.Build.0 = Release|x64
		{E9F288ED-A043-308D-B2BE-D1C5D903E8BE}.RelWithDebInfo|x64.ActiveCfg = RelWithDebInfo|x64
		{E9F288ED-A043-308D-B2BE-D1C5D903E8BE}.RelWithDebInfo|x64.Build.0 = RelWithDebInfo|x64
		{3E06E696-DBE3-357F-8949-08038F912E11}.Debug|x64.ActiveCfg = Debug|x64
		{3E06E696-DBE3-357F-8949-08038F912E11}.Debug|x64.Build.0 = Debug|x64
		{3E06E696-DBE3-357F-8949-08038F912E11}.Release|x64.ActiveCfg = Release|x64
		{3E06E696-DBE3-357F-8949-08038F912E11}.Release|x64.Build.0 = Release|x64
		{3E06E696-DBE3-357F-8949-08038F912E11}.RelWithDebInfo|x64.ActiveCfg = RelWithDebInfo|x64
		{3E06E696-DBE3-357F-8949-08038F912E11}.RelWithDebInfo|x64.Build.0 = RelWithDebInfo|x64
		{55643B72-F3EA-355B-AD4A-8FE0B5966E25}.Debug|x64.ActiveCfg = Debug|x64
		{55643B72-F3EA-355B-AD4A-8FE0B5966E25}.Debug|x64.Build.0 = Debug|x64
		{55643B72-F3EA-355B-AD4A-8FE0B5966E25}.Release|x64.ActiveCfg = Release|x64
		{55643B72-F3EA-355B-AD4A-8FE0B5966E25}.Release|x64.Build.0 = Release|x64
		{55643B72-F3EA-355B-AD4A-8FE0B5966E25}.RelWithDebInfo|x64.ActiveCfg = RelWithDebInfo|x64
		{55643B72-F3EA-355B-AD4A-8FE0B5966E25}.RelWithDebInfo|x64.Build.0 = RelWithDebInfo|x64
		{A65AB59A-55CC-3E60-8119-D0A6E2215B29}.Debug|x64.ActiveCfg = Debug|x64
		{A65AB59A-55CC-3E60-8119-D0A6E2215B29}.Debug|x64.Build.0 = Debug|x64
		{A65AB59A-55CC-3E60-8119-D0A6E2215B29}.Release|x64.ActiveCfg = Release|x64
		{A65AB59A-55CC-3E60-8119-D0A6E2215B29}.Release|x64.Build.0 = Release|x64
		{A65AB59A-55CC-3E60-8119-D0A6E2215B29}.RelWithDebInfo|x64.ActiveCfg = RelWithDebInfo|x64
		{A65AB59A-55CC-3E60-8119-D0A6E2215B29}.RelWithDebInfo|x64.Build.0 = RelWithDebInfo|x64
		{5046038A-EFE4-3F0B-BEAD-C1B551770E85}.Debug|x64.ActiveCfg = Debug|x64
		{5046038A-EFE4-3F0B-BEAD-C1B551770E85}.Debug|x64.Build.0 = Debug|x64
		{5046038A-EFE4-3F0B-BEAD-C1B551770E85}.Release|x64.ActiveCfg = Release|x64
		{5046038A-EFE4-3F0B-BEAD-C1B551770E85}.Release|x64.Build.0 = Release|x64
		{5046038A-EFE4-3F0B-BEAD-C1B551770E85}.RelWithDebInfo|x64.ActiveCfg = RelWithDebInfo|x64
		{5046038A-EFE4-3F0B-BEAD-C1B551770E85}.RelWithDebInfo|x64.Build.0 = RelWithDebInfo|x64
		{D5FC0C51-EEA7-3D98-AB87-BC3F09509A55}.Debug|x64.ActiveCfg = Debug|x64
		{D5FC0C51-EEA7-3D98-AB87-BC3F09509A55}.Debug|x64.Build.0 = Debug|x64
		{D5FC0C51-EEA7-3D98-AB87-BC3F09509A55}.Release|x64.ActiveCfg = Release|x64
		{D5FC0C51-EEA7-3D98-AB87-BC3F09509A55}.Release|x64.Build.0 = Release|x64
		{D5FC0C51-EEA7-3D98-AB87-BC3F09509A55}.RelWithDebInfo|x64.ActiveCfg = RelWithDebInfo|x64
		{D5FC0C51-EEA7-3D98-AB87-BC3F09509A55}.RelWithDebInfo|x64.Build.0 = RelWithDebInfo|x64
		{204F2A44-D46E-31D4-A61A-A02CDDAE2475}.Debug|x64.ActiveCfg = Debug|x64
		{204F2A44-D46E-31D4-A61A-A02CDDAE2475}.Debug|x64.Build.0 = Debug|x64
		{204F2A44-D46E-31D4-A61A-A02CDDAE2475}.Release|x64.ActiveCfg = Release|x64
		{204F2A44-D46E-31D4-A61A-A02CDDAE2475}.Release|x64.Build.0 = Release|x64
		{204F2A44-D46E-31D4-A61A-A02CDDAE2475}.RelWithDebInfo|x64.ActiveCfg = RelWithDebInfo|x64
		{204F2A44-D46E-31D4-A61A-A02CDDAE2475}.RelWithDebInfo|x64.Build.0 = RelWithDebInfo|x64
		{118B2EBF-BED1-3A15-B33F-0D90CF72E9A2}.Debug|x64.ActiveCfg = Debug|x64
		{118B2EBF-BED1-3A15-B33F-0D90CF72E9A2}.Debug|x64.Build.0 = Debug|x64
		{118B2EBF-BED1-3A15-B33F-0D90CF72E9A2}.Release|x64.ActiveCfg = Release|x64
		{118B2EBF-BED1-3A15-B33F-0D90CF72E9A2}.Release|x64.Build.0 = Release|x64
		{118B2EBF-BED1-3A15-B33F-0D90CF72E9A2}.RelWithDebInfo|x64.ActiveCfg = RelWithDebInfo|x64
		{118B2EBF-BED1-3A15-B33F-0D90CF72E9A2}.RelWithDebInfo|x64.Build.0 = RelWithDebInfo|x64
		{B844F603-9A1B-39E2-BC83-8E0C1FB155C7}.Debug|x64.ActiveCfg = Debug|x64
		{B844F603-9A1B-39E2-BC83-8E0C1FB155C7}.Debug|x64.Build.0 = Debug|x64
		{B844F603-9A1B-39E2-BC83-8E0C1FB155C7}.Release|x64.ActiveCfg = Release|x64
		{B844F603-9A1B-39E2-BC83-8E0C1FB155C7}.Release|x64.Build.0 = Release|x64
		{B844F603-9A1B-39E2-BC83-8E0C1FB155C7}.RelWithDebInfo|x64.ActiveCfg = RelWithDebInfo|x64
		{B844F603-9A1B-39E2-BC83-8E0C1FB155C7}.RelWithDebInfo|x64.Build.0 = RelWithDebInfo|x64
		{6DF59990-A786-3513-91E4-F3FD96278D6B}.Debug|x64.ActiveCfg = Debug|x64
		{6DF59990-A786-3513-91E4-F3FD96278D6B}.Debug|x64.Build.0 = Debug|x64
		{6DF59990-A786-3513-91E4-F3FD96278D6B}.Release|x64.ActiveCfg = Release|x64
		{6DF59990-A786-3513-91E4-F3FD96278D6B}.Release|x64.Build.0 = Release|x64
		{6DF59990-A786-3513-91E4-F3FD96278D6B}.RelWithDebInfo|x64.ActiveCfg = RelWithDebInfo|x64
		{6DF59990-A786-3513-91E4-F3FD96278D6B}.RelWithDebInfo|x64.Build.0 = RelWithDebInfo|x64
		{FB98B31F-2522-3D40-A4E0-834E8167E2F6}.Debug|x64.ActiveCfg = Debug|x64
		{FB98B31F-2522-3D40-A4E0-834E8167E2F6}.Debug|x64.Build.0 = Debug|x64
		{FB98B31F-2522-3D40-A4E0-834E8167E2F6}.Release|x64.ActiveCfg = Release|x64
		{FB98B31F-2522-3D40-A4E0-834E8167E2F6}.Release|x64.Build.0 = Release|x64
		{FB98B31F-2522-3D40-A4E0-834E8167E2F6}.RelWithDebInfo|x64.ActiveCfg = RelWithDebInfo|x64
		{FB98B31F-2522-3D40-A4E0-834E8167E2F6}.RelWithDebInfo|x64.Build.0 = RelWithDebInfo|x64
		{CC3AF024-E502-3BB4-B3EE-B261D4875A8E}.Debug|x64.ActiveCfg = Debug|x64
		{CC3AF024-E502-3BB4-B3EE-B261D4875A8E}.Debug|x64.Build.0 = Debug|x64
		{CC3AF024-E502-3BB4-B3EE-B261D4875A8E}.Release|x64.ActiveCfg = Release|x64
		{CC3AF024-E502-3BB4-B3EE-B261D4875A8E}.Release|x64.Build.0 = Release|x64
		{CC3AF024-E502-3BB4-B3EE-B261D4875A8E}.RelWithDebInfo|x64.ActiveCfg = RelWithDebInfo|x64
		{CC3AF024-E502-3BB4-B3EE-B261D4875A8E}.RelWithDebInfo|x64.Build.0 = RelWithDebInfo|x64
		{60BC7645-4983-3E04-864E-BAC95033F171}.Debug|x64.ActiveCfg = Debug|x64
		{60BC7645-4983-3E04-864E-BAC95033F171}.Debug|x64.Build.0 = Debug|x64
		{60BC7645-4983-3E04-864E-BAC95033F171}.Release|x64.ActiveCfg = Release|x64
		{60BC7645-4983-3E04-864E-BAC95033F171}.Release|x64.Build.0 = Release|x64
		{60BC7645-4983-3E04-864E-BAC95033F171}.RelWithDebInfo|x64.ActiveCfg = RelWithDebInfo|x64
		{60BC7645-4983-3E04-864E-BAC95033F171}.RelWithDebInfo|x64.Build.0 = RelWithDebInfo|x64
		{53F03B8B-541B-335B-9460-76C0E60DEB53}.Debug|x64.ActiveCfg = Debug|x64
		{53F03B8B-541B-335B-9460-76C0E60DEB53}.Debug|x64.Build.0 = Debug|x64
		{53F03B8B-541B-335B-9460-76C0E60DEB53}.Release|x64.ActiveCfg = Release|x64
		{53F03B8B-541B-335B-9460-76C0E60DEB53}.Release|x64.Build.0 = Release|x64
		{53F03B8B-541B-335B-9460-76C0E60DEB53}.RelWithDebInfo|x64.ActiveCfg = RelWithDebInfo|x64
		{53F03B8B-541B-335B-9460-76C0E60DEB53}.RelWithDebInfo|x64.Build.0 = RelWithDebInfo|x64
		{48FB17C4-F2B9-3C89-B18E-60AD5A379E5C}.Debug|x64.ActiveCfg = Debug|x64
		{48FB17C4-F2B9-3C89-B18E-60AD5A379E5C}.Debug|x64.Build.0 = Debug|x64
		{48FB17C4-F2B9-3C89-B18E-60AD5A379E5C}.Release|x64.ActiveCfg = Release|x64
		{48FB17C4-F2B9-3C89-B18E-60AD5A379E5C}.Release|x64.Build.0 = Release|x64
		{48FB17C4-F2B9-3C89-B18E-60AD5A379E5C}.RelWithDebInfo|x64.ActiveCfg = RelWithDebInfo|x64
		{48FB17C4-F2B9-3C89-B18E-60AD5A379E5C}.RelWithDebInfo|x64.Build.0 = RelWithDebInfo|x64
		{49789413-B50D-3FAD-8CF4-4CFE7AAAB96E}.Debug|x64.ActiveCfg = Debug|x64
		{49789413-B50D-3FAD-8CF4-4CFE7AAAB96E}.Debug|x64.Build.0 = Debug|x64
		{49789413-B50D-3FAD-8CF4-4CFE7AAAB96E}.Release|x64.ActiveCfg = Release|x64
		{49789413-B50D-3FAD-8CF4-4CFE7AAAB96E}.Release|x64.Build.0 = Release|x64
		{49789413-B50D-3FAD-8CF4-4CFE7AAAB96E}.RelWithDebInfo|x64.ActiveCfg = RelWithDebInfo|x64
		{49789413-B50D-3FAD-8CF4-4CFE7AAAB96E}.RelWithDebInfo|x64.Build.0 = RelWithDebInfo|x64
		{817ACA5D-D2B8-37B1-A5CB-15B14D7F0E07}.Debug|x64.ActiveCfg = Debug|x64
		{817ACA5D-D2B8-37B1-A5CB-15B14D7F0E07}.Debug|x64.Build.0 = Debug|x64
		{817ACA5D-D2B8-37B1-A5CB-15B14D7F0E07}.Release|x64.ActiveCfg = Release|x64
		{817ACA5D-D2B8-37B1-A5CB-15B14D7F0E07}.Release|x64.Build.0 = Release|x64
		{817ACA5D-D2B8-37B1-A5CB-15B14D7F0E07}.RelWithDebInfo|x64.ActiveCfg = RelWithDebInfo|x64
		{817ACA5D-D2B8-37B1-A5CB-15B14D7F0E07}.RelWithDebInfo|x64.Build.0 = RelWithDebInfo|x64
		{B0E12B03-2C5F-3E5F-A26C-B05ABF09527D}.Debug|x64.ActiveCfg = Debug|x64
		{B0E12B03-2C5F-3E5F-A26C-B05ABF09527D}.Debug|x64.Build.0 = Debug|x64
		{B0E12B03-2C5F-3E5F-A26C-B05ABF09527D}.Release|x64.ActiveCfg = Release|x64
		{B0E12B03-2C5F-3E5F-A26C-B05ABF09527D}.Release|x64.Build.0 = Release|x64
		{B0E12B03-2C5F-3E5F-A26C-B05ABF09527D}.RelWithDebInfo|x64.ActiveCfg = RelWithDebInfo|x64
		{B0E12B03-2C5F-3E5F-A26C-B05ABF09527D}.RelWithDebInfo|x64.Build.0 = RelWithDebInfo|x64
		{59040661-EDA9-363F-BF6B-C77E478D37CD}.Debug|x64.ActiveCfg = Debug|x64
		{59040661-EDA9-363F-BF6B-C77E478D37CD}.Debug|x64.Build.0 = Debug|x64
		{59040661-EDA9-363F-BF6B-C77E478D37CD}.Release|x64.ActiveCfg = Release|x64
		{59040661-EDA9-363F-BF6B-C77E478D37CD}.Release|x64.Build.0 = Release|x64
		{59040661-EDA9-363F-BF6B-C77E478D37CD}.RelWithDebInfo|x64.ActiveCfg = RelWithDebInfo|x64
		{59040661-EDA9-363F-BF6B-C77E478D37CD}.RelWithDebInfo|x64.Build.0 = RelWithDebInfo|x64
		{3B7BDB40-9562-3C62-923B-7C5B14D6B30C}.Debug|x64.ActiveCfg = Debug|x64
		{3B7BDB40-9562-3C62-923B-7C5B14D6B30C}.Debug|x64.Build.0 = Debug|x64
		{3B7BDB40-9562-3C62-923B-7C5B14D6B30C}.Release|x64.ActiveCfg = Release|x64
		{3B7BDB40-9562-3C62-923B-7C5B14D6B30C}.Release|x64.Build.0 = Release|x64
		{3B7BDB40-9562-3C62-923B-7C5B14D6B30C}.RelWithDebInfo|x64.ActiveCfg = RelWithDebInfo|x64
		{3B7BDB40-9562-3C62-923B-7C5B14D6B30C}.RelWithDebInfo|x64.Build.0 = RelWithDebInfo|x64
		{17AF3016-80A3-3E4B-BF84-65CC080A6C82}.Debug|x64.ActiveCfg = Debug|x64
		{17AF3016-80A3-3E4B-BF84-65CC080A6C82}.Debug|x64.Build.0 = Debug|x64
		{17AF3016-80A3-3E4B-BF84-65CC080A6C82}.Release|x64.ActiveCfg = Release|x64
		{17AF3016-80A3-3E4B-BF84-65CC080A6C82}.Release|x64.Build.0 = Release|x64
		{17AF3016-80A3-3E4B-BF84-65CC080A6C82}.RelWithDebInfo|x64.ActiveCfg = RelWithDebInfo|x64
		{17AF3016-80A3-3E4B-BF84-65CC080A6C82}.RelWithDebInfo|x64.Build.0 = RelWithDebInfo|x64
		{F9178294-E856-3A4C-ABEC-1385FDCCC919}.Debug|x64.ActiveCfg = Debug|x64
		{F9178294-E856-3A4C-ABEC-1385FDCCC919}.Debug|x64.Build.0 = Debug|x64
		{F9178294-E856-3A4C-ABEC-1385FDCCC919}.Release|x64.ActiveCfg = Release|x64
		{F9178294-E856-3A4C-ABEC-1385FDCCC919}.Release|x64.Build.0 = Release|x64
		{F9178294-E856-3A4C-ABEC-1385FDCCC919}.RelWithDebInfo|x64.ActiveCfg = RelWithDebInfo|x64
		{F9178294-E856-3A4C-ABEC-1385FDCCC919}.RelWithDebInfo|x64.Build.0 = RelWithDebInfo|x64
		{57D92134-46E2-3B7A-A36E-29DE84554A0D}.Debug|x64.ActiveCfg = Debug|x64
		{57D92134-46E2-3B7A-A36E-29DE84554A0D}.Debug|x64.Build.0 = Debug|x64
		{57D92134-46E2-3B7A-A36E-29DE84554A0D}.Release|x64.ActiveCfg = Release|x64
		{57D92134-46E2-3B7A-A36E-29DE84554A0D}.Release|x64.Build.0 = Release|x64
		{57D92134-46E2-3B7A-A36E-29DE84554A0D}.RelWithDebInfo|x64.ActiveCfg = RelWithDebInfo|x64
		{57D92134-46E2-3B7A-A36E-29DE84554A0D}.RelWithDebInfo|x64.Build.0 = RelWithDebInfo|x64
		{04EFFCDF-4A63-3ED7-A9F8-61B17A4C1E1E}.Debug|x64.ActiveCfg = Debug|x64
		{04EFFCDF-4A63-3ED7-A9F8-61B17A4C1E1E}.Debug|x64.Build.0 = Debug|x64
		{04EFFCDF-4A63-3ED7-A9F8-61B17A4C1E1E}.Release|x64.ActiveCfg = Release|x64
		{04EFFCDF-4A63-3ED7-A9F8-61B17A4C1E1E}.Release|x64.Build.0 = Release|x64
		{04EFFCDF-4A63-3ED7-A9F8-61B17A4C1E1E}.RelWithDebInfo|x64.ActiveCfg = RelWithDebInfo|x64
		{04EFFCDF-4A63-3ED7-A9F8-61B17A4C1E1E}.RelWithDebInfo|x64.Build.0 = RelWithDebInfo|x64
		{423F3EB7-2C0E-3FB1-B1B6-2DCBA5973F6A}.Debug|x64.ActiveCfg = Debug|x64
		{423F3EB7-2C0E-3FB1-B1B6-2DCBA5973F6A}.Debug|x64.Build.0 = Debug|x64
		{423F3EB7-2C0E-3FB1-B1B6-2DCBA5973F6A}.Release|x64.ActiveCfg = Release|x64
		{423F3EB7-2C0E-3FB1-B1B6-2DCBA5973F6A}.Release|x64.Build.0 = Release|x64
		{423F3EB7-2C0E-3FB1-B1B6-2DCBA5973F6A}.RelWithDebInfo|x64.ActiveCfg = RelWithDebInfo|x64
		{423F3EB7-2C0E-3FB1-B1B6-2DCBA5973F6A}.RelWithDebInfo|x64.Build.0 = RelWithDebInfo|x64
		{E314C229-3EB1-372C-9475-8EBE4FA774F0}.Debug|x64.ActiveCfg = Debug|x64
		{E314C229-3EB1-372C-9475-8EBE4FA774F0}.Debug|x64.Build.0 = Debug|x64
		{E314C229-3EB1-372C-9475-8EBE4FA774F0}.Release|x64.ActiveCfg = Release|x64
		{E314C229-3EB1-372C-9475-8EBE4FA774F0}.Release|x64.Build.0 = Release|x64
		{E314C229-3EB1-372C-9475-8EBE4FA774F0}.RelWithDebInfo|x64.ActiveCfg = RelWithDebInfo|x64
		{E314C229-3EB1-372C-9475-8EBE4FA774F0}.RelWithDebInfo|x64.Build.0 = RelWithDebInfo|x64
		{A523B504-8132-3985-B50D-310672AFDCB0}.Debug|x64.ActiveCfg = Debug|x64
		{A523B504-8132-3985-B50D-310672AFDCB0}.Release|x64.ActiveCfg = Release|x64
		{A523B504-8132-3985-B50D-310672AFDCB0}.RelWithDebInfo|x64.ActiveCfg = RelWithDebInfo|x64
		{B7A843D0-24F5-3333-A9A8-AFFDFE02A503}.Debug|x64.ActiveCfg = Debug|x64
		{B7A843D0-24F5-3333-A9A8-AFFDFE02A503}.Debug|x64.Build.0 = Debug|x64
		{B7A843D0-24F5-3333-A9A8-AFFDFE02A503}.Release|x64.ActiveCfg = Release|x64
		{B7A843D0-24F5-3333-A9A8-AFFDFE02A503}.Release|x64.Build.0 = Release|x64
		{B7A843D0-24F5-3333-A9A8-AFFDFE02A503}.RelWithDebInfo|x64.ActiveCfg = RelWithDebInfo|x64
		{B7A843D0-24F5-3333-A9A8-AFFDFE02A503}.RelWithDebInfo|x64.Build.0 = RelWithDebInfo|x64
		{AFE00D7D-0048-3873-92C1-19EC20672339}.Debug|x64.ActiveCfg = Debug|x64
		{AFE00D7D-0048-3873-92C1-19EC20672339}.Debug|x64.Build.0 = Debug|x64
		{AFE00D7D-0048-3873-92C1-19EC20672339}.Release|x64.ActiveCfg = Release|x64
		{AFE00D7D-0048-3873-92C1-19EC20672339}.Release|x64.Build.0 = Release|x64
		{AFE00D7D-0048-3873-92C1-19EC20672339}.RelWithDebInfo|x64.ActiveCfg = RelWithDebInfo|x64
		{AFE00D7D-0048-3873-92C1-19EC20672339}.RelWithDebInfo|x64.Build.0 = RelWithDebInfo|x64
		{2283E41F-D846-33AF-B187-441CD531D166}.Debug|x64.ActiveCfg = Debug|x64
		{2283E41F-D846-33AF-B187-441CD531D166}.Debug|x64.Build.0 = Debug|x64
		{2283E41F-D846-33AF-B187-441CD531D166}.Release|x64.ActiveCfg = Release|x64
		{2283E41F-D846-33AF-B187-441CD531D166}.Release|x64.Build.0 = Release|x64
		{2283E41F-D846-33AF-B187-441CD531D166}.RelWithDebInfo|x64.ActiveCfg = RelWithDebInfo|x64
		{2283E41F-D846-33AF-B187-441CD531D166}.RelWithDebInfo|x64.Build.0 = RelWithDebInfo|x64
		{B6DF62EC-9D90-38FC-B82A-BE86EE94027E}.Debug|x64.ActiveCfg = Debug|x64
		{B6DF62EC-9D90-38FC-B82A-BE86EE94027E}.Debug|x64.Build.0 = Debug|x64
		{B6DF62EC-9D90-38FC-B82A-BE86EE94027E}.Release|x64.ActiveCfg = Release|x64
		{B6DF62EC-9D90-38FC-B82A-BE86EE94027E}.Release|x64.Build.0 = Release|x64
		{B6DF62EC-9D90-38FC-B82A-BE86EE94027E}.RelWithDebInfo|x64.ActiveCfg = RelWithDebInfo|x64
		{B6DF62EC-9D90-38FC-B82A-BE86EE94027E}.RelWithDebInfo|x64.Build.0 = RelWithDebInfo|x64
		{D1ADB61C-7987-394B-959F-FAF444795B50}.Debug|x64.ActiveCfg = Debug|x64
		{D1ADB61C-7987-394B-959F-FAF444795B50}.Release|x64.ActiveCfg = Release|x64
		{D1ADB61C-7987-394B-959F-FAF444795B50}.RelWithDebInfo|x64.ActiveCfg = RelWithDebInfo|x64
		{31B411E8-16D9-3679-BB9F-C5F912BA99A3}.Debug|x64.ActiveCfg = Debug|x64
		{31B411E8-16D9-3679-BB9F-C5F912BA99A3}.Debug|x64.Build.0 = Debug|x64
		{31B411E8-16D9-3679-BB9F-C5F912BA99A3}.Release|x64.ActiveCfg = Release|x64
		{31B411E8-16D9-3679-BB9F-C5F912BA99A3}.Release|x64.Build.0 = Release|x64
		{31B411E8-16D9-3679-BB9F-C5F912BA99A3}.RelWithDebInfo|x64.ActiveCfg = RelWithDebInfo|x64
		{31B411E8-16D9-3679-BB9F-C5F912BA99A3}.RelWithDebInfo|x64.Build.0 = RelWithDebInfo|x64
		{9EB23A5F-4E1F-3C5E-97A8-F02100D799AC}.Debug|x64.ActiveCfg = Debug|x64
		{9EB23A5F-4E1F-3C5E-97A8-F02100D799AC}.Debug|x64.Build.0 = Debug|x64
		{9EB23A5F-4E1F-3C5E-97A8-F02100D799AC}.Release|x64.ActiveCfg = Release|x64
		{9EB23A5F-4E1F-3C5E-97A8-F02100D799AC}.Release|x64.Build.0 = Release|x64
		{9EB23A5F-4E1F-3C5E-97A8-F02100D799AC}.RelWithDebInfo|x64.ActiveCfg = RelWithDebInfo|x64
		{9EB23A5F-4E1F-3C5E-97A8-F02100D799AC}.RelWithDebInfo|x64.Build.0 = RelWithDebInfo|x64
		{FD047089-E285-351A-9DBB-B10FF5ACB56B}.Debug|x64.ActiveCfg = Debug|x64
		{FD047089-E285-351A-9DBB-B10FF5ACB56B}.Debug|x64.Build.0 = Debug|x64
		{FD047089-E285-351A-9DBB-B10FF5ACB56B}.Release|x64.ActiveCfg = Release|x64
		{FD047089-E285-351A-9DBB-B10FF5ACB56B}.Release|x64.Build.0 = Release|x64
		{FD047089-E285-351A-9DBB-B10FF5ACB56B}.RelWithDebInfo|x64.ActiveCfg = RelWithDebInfo|x64
		{FD047089-E285-351A-9DBB-B10FF5ACB56B}.RelWithDebInfo|x64.Build.0 = RelWithDebInfo|x64
		{CB73EF17-0577-3BEB-928E-1B8D6A549B07}.Debug|x64.ActiveCfg = Debug|x64
		{CB73EF17-0577-3BEB-928E-1B8D6A549B07}.Debug|x64.Build.0 = Debug|x64
		{CB73EF17-0577-3BEB-928E-1B8D6A549B07}.Release|x64.ActiveCfg = Release|x64
		{CB73EF17-0577-3BEB-928E-1B8D6A549B07}.Release|x64.Build.0 = Release|x64
		{CB73EF17-0577-3BEB-928E-1B8D6A549B07}.RelWithDebInfo|x64.ActiveCfg = RelWithDebInfo|x64
		{CB73EF17-0577-3BEB-928E-1B8D6A549B07}.RelWithDebInfo|x64.Build.0 = RelWithDebInfo|x64
		{29C73F9F-4A8A-3587-806F-F3FE309260DA}.Debug|x64.ActiveCfg = Debug|x64
		{29C73F9F-4A8A-3587-806F-F3FE309260DA}.Debug|x64.Build.0 = Debug|x64
		{29C73F9F-4A8A-3587-806F-F3FE309260DA}.Release|x64.ActiveCfg = Release|x64
		{29C73F9F-4A8A-3587-806F-F3FE309260DA}.Release|x64.Build.0 = Release|x64
		{29C73F9F-4A8A-3587-806F-F3FE309260DA}.RelWithDebInfo|x64.ActiveCfg = RelWithDebInfo|x64
		{29C73F9F-4A8A-3587-806F-F3FE309260DA}.RelWithDebInfo|x64.Build.0 = RelWithDebInfo|x64
		{5949742D-9A88-30FA-9A3E-4297140C20B6}.Debug|x64.ActiveCfg = Debug|x64
		{5949742D-9A88-30FA-9A3E-4297140C20B6}.Debug|x64.Build.0 = Debug|x64
		{5949742D-9A88-30FA-9A3E-4297140C20B6}.Release|x64.ActiveCfg = Release|x64
		{5949742D-9A88-30FA-9A3E-4297140C20B6}.Release|x64.Build.0 = Release|x64
		{5949742D-9A88-30FA-9A3E-4297140C20B6}.RelWithDebInfo|x64.ActiveCfg = RelWithDebInfo|x64
		{5949742D-9A88-30FA-9A3E-4297140C20B6}.RelWithDebInfo|x64.Build.0 = RelWithDebInfo|x64
		{6DAFB183-9A41-346C-A0B7-D3BFC206E1C5}.Debug|x64.ActiveCfg = Debug|x64
		{6DAFB183-9A41-346C-A0B7-D3BFC206E1C5}.Debug|x64.Build.0 = Debug|x64
		{6DAFB183-9A41-346C-A0B7-D3BFC206E1C5}.Release|x64.ActiveCfg = Release|x64
		{6DAFB183-9A41-346C-A0B7-D3BFC206E1C5}.Release|x64.Build.0 = Release|x64
		{6DAFB183-9A41-346C-A0B7-D3BFC206E1C5}.RelWithDebInfo|x64.ActiveCfg = RelWithDebInfo|x64
		{6DAFB183-9A41-346C-A0B7-D3BFC206E1C5}.RelWithDebInfo|x64.Build.0 = RelWithDebInfo|x64
		{CAB24457-1231-384C-88C0-676E1F7A4BE5}.Debug|x64.ActiveCfg = Debug|x64
		{CAB24457-1231-384C-88C0-676E1F7A4BE5}.Debug|x64.Build.0 = Debug|x64
		{CAB24457-1231-384C-88C0-676E1F7A4BE5}.Release|x64.ActiveCfg = Release|x64
		{CAB24457-1231-384C-88C0-676E1F7A4BE5}.Release|x64.Build.0 = Release|x64
		{CAB24457-1231-384C-88C0-676E1F7A4BE5}.RelWithDebInfo|x64.ActiveCfg = RelWithDebInfo|x64
		{CAB24457-1231-384C-88C0-676E1F7A4BE5}.RelWithDebInfo|x64.Build.0 = RelWithDebInfo|x64
		{D3477B90-419A-36FD-BAF6-BF7B11B8B008}.Debug|x64.ActiveCfg = Debug|x64
		{D3477B90-419A-36FD-BAF6-BF7B11B8B008}.Debug|x64.Build.0 = Debug|x64
		{D3477B90-419A-36FD-BAF6-BF7B11B8B008}.Release|x64.ActiveCfg = Release|x64
		{D3477B90-419A-36FD-BAF6-BF7B11B8B008}.Release|x64.Build.0 = Release|x64
		{D3477B90-419A-36FD-BAF6-BF7B11B8B008}.RelWithDebInfo|x64.ActiveCfg = RelWithDebInfo|x64
		{D3477B90-419A-36FD-BAF6-BF7B11B8B008}.RelWithDebInfo|x64.Build.0 = RelWithDebInfo|x64
		{159A54C9-2165-38A0-A851-45235E3783F7}.Debug|x64.ActiveCfg = Debug|x64
		{159A54C9-2165-38A0-A851-45235E3783F7}.Debug|x64.Build.0 = Debug|x64
		{159A54C9-2165-38A0-A851-45235E3783F7}.Release|x64.ActiveCfg = Release|x64
		{159A54C9-2165-38A0-A851-45235E3783F7}.Release|x64.Build.0 = Release|x64
		{159A54C9-2165-38A0-A851-45235E3783F7}.RelWithDebInfo|x64.ActiveCfg = RelWithDebInfo|x64
		{159A54C9-2165-38A0-A851-45235E3783F7}.RelWithDebInfo|x64.Build.0 = RelWithDebInfo|x64
		{B7DD023C-9468-3904-A014-86DC08F7F153}.Debug|x64.ActiveCfg = Debug|x64
		{B7DD023C-9468-3904-A014-86DC08F7F153}.Debug|x64.Build.0 = Debug|x64
		{B7DD023C-9468-3904-A014-86DC08F7F153}.Release|x64.ActiveCfg = Release|x64
		{B7DD023C-9468-3904-A014-86DC08F7F153}.Release|x64.Build.0 = Release|x64
		{B7DD023C-9468-3904-A014-86DC08F7F153}.RelWithDebInfo|x64.ActiveCfg = RelWithDebInfo|x64
		{B7DD023C-9468-3904-A014-86DC08F7F153}.RelWithDebInfo|x64.Build.0 = RelWithDebInfo|x64
		{44BB2044-0FED-39BA-BAE0-27B43623CC69}.Debug|x64.ActiveCfg = Debug|x64
		{44BB2044-0FED-39BA-BAE0-27B43623CC69}.Debug|x64.Build.0 = Debug|x64
		{44BB2044-0FED-39BA-BAE0-27B43623CC69}.Release|x64.ActiveCfg = Release|x64
		{44BB2044-0FED-39BA-BAE0-27B43623CC69}.Release|x64.Build.0 = Release|x64
		{44BB2044-0FED-39BA-BAE0-27B43623CC69}.RelWithDebInfo|x64.ActiveCfg = RelWithDebInfo|x64
		{44BB2044-0FED-39BA-BAE0-27B43623CC69}.RelWithDebInfo|x64.Build.0 = RelWithDebInfo|x64
		{36C62202-BF37-3E02-8B2F-94544E442F7B}.Debug|x64.ActiveCfg = Debug|x64
		{36C62202-BF37-3E02-8B2F-94544E442F7B}.Debug|x64.Build.0 = Debug|x64
		{36C62202-BF37-3E02-8B2F-94544E442F7B}.Release|x64.ActiveCfg = Release|x64
		{36C62202-BF37-3E02-8B2F-94544E442F7B}.Release|x64.Build.0 = Release|x64
		{36C62202-BF37-3E02-8B2F-94544E442F7B}.RelWithDebInfo|x64.ActiveCfg = RelWithDebInfo|x64
		{36C62202-BF37-3E02-8B2F-94544E442F7B}.RelWithDebInfo|x64.Build.0 = RelWithDebInfo|x64
		{5427844D-BD7A-3FB4-AC9C-0BE71CAC988C}.Debug|x64.ActiveCfg = Debug|x64
		{5427844D-BD7A-3FB4-AC9C-0BE71CAC988C}.Debug|x64.Build.0 = Debug|x64
		{5427844D-BD7A-3FB4-AC9C-0BE71CAC988C}.Release|x64.ActiveCfg = Release|x64
		{5427844D-BD7A-3FB4-AC9C-0BE71CAC988C}.Release|x64.Build.0 = Release|x64
		{5427844D-BD7A-3FB4-AC9C-0BE71CAC988C}.RelWithDebInfo|x64.ActiveCfg = RelWithDebInfo|x64
		{5427844D-BD7A-3FB4-AC9C-0BE71CAC988C}.RelWithDebInfo|x64.Build.0 = RelWithDebInfo|x64
		{F5FC5103-63A9-3951-A872-CF13EF9B4861}.Debug|x64.ActiveCfg = Debug|x64
		{F5FC5103-63A9-3951-A872-CF13EF9B4861}.Debug|x64.Build.0 = Debug|x64
		{F5FC5103-63A9-3951-A872-CF13EF9B4861}.Release|x64.ActiveCfg = Release|x64
		{F5FC5103-63A9-3951-A872-CF13EF9B4861}.Release|x64.Build.0 = Release|x64
		{F5FC5103-63A9-3951-A872-CF13EF9B4861}.RelWithDebInfo|x64.ActiveCfg = RelWithDebInfo|x64
		{F5FC5103-63A9-3951-A872-CF13EF9B4861}.RelWithDebInfo|x64.Build.0 = RelWithDebInfo|x64
		{D0499440-8239-317F-A817-080D5252C5EA}.Debug|x64.ActiveCfg = Debug|x64
		{D0499440-8239-317F-A817-080D5252C5EA}.Debug|x64.Build.0 = Debug|x64
		{D0499440-8239-317F-A817-080D5252C5EA}.Release|x64.ActiveCfg = Release|x64
		{D0499440-8239-317F-A817-080D5252C5EA}.Release|x64.Build.0 = Release|x64
		{D0499440-8239-317F-A817-080D5252C5EA}.RelWithDebInfo|x64.ActiveCfg = RelWithDebInfo|x64
		{D0499440-8239-317F-A817-080D5252C5EA}.RelWithDebInfo|x64.Build.0 = RelWithDebInfo|x64
		{8437E835-D9F7-3D93-84F9-1C7E924BA470}.Debug|x64.ActiveCfg = Debug|x64
		{8437E835-D9F7-3D93-84F9-1C7E924BA470}.Debug|x64.Build.0 = Debug|x64
		{8437E835-D9F7-3D93-84F9-1C7E924BA470}.Release|x64.ActiveCfg = Release|x64
		{8437E835-D9F7-3D93-84F9-1C7E924BA470}.Release|x64.Build.0 = Release|x64
		{8437E835-D9F7-3D93-84F9-1C7E924BA470}.RelWithDebInfo|x64.ActiveCfg = RelWithDebInfo|x64
		{8437E835-D9F7-3D93-84F9-1C7E924BA470}.RelWithDebInfo|x64.Build.0 = RelWithDebInfo|x64
		{CDA76ACF-338B-36B9-A74C-54D05CC04E7E}.Debug|x64.ActiveCfg = Debug|x64
		{CDA76ACF-338B-36B9-A74C-54D05CC04E7E}.Debug|x64.Build.0 = Debug|x64
		{CDA76ACF-338B-36B9-A74C-54D05CC04E7E}.Release|x64.ActiveCfg = Release|x64
		{CDA76ACF-338B-36B9-A74C-54D05CC04E7E}.Release|x64.Build.0 = Release|x64
		{CDA76ACF-338B-36B9-A74C-54D05CC04E7E}.RelWithDebInfo|x64.ActiveCfg = RelWithDebInfo|x64
		{CDA76ACF-338B-36B9-A74C-54D05CC04E7E}.RelWithDebInfo|x64.Build.0 = RelWithDebInfo|x64
		{56A856D1-429F-33C2-8B85-F4512B5AEC7C}.Debug|x64.ActiveCfg = Debug|x64
		{56A856D1-429F-33C2-8B85-F4512B5AEC7C}.Debug|x64.Build.0 = Debug|x64
		{56A856D1-429F-33C2-8B85-F4512B5AEC7C}.Release|x64.ActiveCfg = Release|x64
		{56A856D1-429F-33C2-8B85-F4512B5AEC7C}.Release|x64.Build.0 = Release|x64
		{56A856D1-429F-33C2-8B85-F4512B5AEC7C}.RelWithDebInfo|x64.ActiveCfg = RelWithDebInfo|x64
		{56A856D1-429F-33C2-8B85-F4512B5AEC7C}.RelWithDebInfo|x64.Build.0 = RelWithDebInfo|x64
		{46E165F0-40FC-3301-A146-4BE84E69A14E}.Debug|x64.ActiveCfg = Debug|x64
		{46E165F0-40FC-3301-A146-4BE84E69A14E}.Debug|x64.Build.0 = Debug|x64
		{46E165F0-40FC-3301-A146-4BE84E69A14E}.Release|x64.ActiveCfg = Release|x64
		{46E165F0-40FC-3301-A146-4BE84E69A14E}.Release|x64.Build.0 = Release|x64
		{46E165F0-40FC-3301-A146-4BE84E69A14E}.RelWithDebInfo|x64.ActiveCfg = RelWithDebInfo|x64
		{46E165F0-40FC-3301-A146-4BE84E69A14E}.RelWithDebInfo|x64.Build.0 = RelWithDebInfo|x64
		{D0C683A4-B2AE-426F-BD27-5C0EA0717153}.Debug|x64.ActiveCfg = Debug|x64
		{D0C683A4-B2AE-426F-BD27-5C0EA0717153}.Debug|x64.Build.0 = Debug|x64
		{D0C683A4-B2AE-426F-BD27-5C0EA0717153}.Release|x64.ActiveCfg = Release|x64
		{D0C683A4-B2AE-426F-BD27-5C0EA0717153}.Release|x64.Build.0 = Release|x64
		{D0C683A4-B2AE-426F-BD27-5C0EA0717153}.RelWithDebInfo|x64.ActiveCfg = RelWithDebInfo|x64
		{D0C683A4-B2AE-426F-BD27-5C0EA0717153}.RelWithDebInfo|x64.Build.0 = RelWithDebInfo|x64
		{E0CAE356-6F37-40DA-BF3E-470732C5FE2F}.Debug|x64.ActiveCfg = Debug|x64
		{E0CAE356-6F37-40DA-BF3E-470732C5FE2F}.Debug|x64.Build.0 = Debug|x64
		{E0CAE356-6F37-40DA-BF3E-470732C5FE2F}.Release|x64.ActiveCfg = Release|x64
		{E0CAE356-6F37-40DA-BF3E-470732C5FE2F}.Release|x64.Build.0 = Release|x64
		{E0CAE356-6F37-40DA-BF3E-470732C5FE2F}.RelWithDebInfo|x64.ActiveCfg = RelWithDebInfo|x64
		{E0CAE356-6F37-40DA-BF3E-470732C5FE2F}.RelWithDebInfo|x64.Build.0 = RelWithDebInfo|x64
		{913F6202-40BB-4C73-96CA-9733FAA6A8C5}.Debug|x64.ActiveCfg = Debug|x64
		{913F6202-40BB-4C73-96CA-9733FAA6A8C5}.Debug|x64.Build.0 = Debug|x64
		{913F6202-40BB-4C73-96CA-9733FAA6A8C5}.Release|x64.ActiveCfg = Release|x64
		{913F6202-40BB-4C73-96CA-9733FAA6A8C5}.Release|x64.Build.0 = Release|x64
		{913F6202-40BB-4C73-96CA-9733FAA6A8C5}.RelWithDebInfo|x64.ActiveCfg = RelWithDebInfo|x64
		{913F6202-40BB-4C73-96CA-9733FAA6A8C5}.RelWithDebInfo|x64.Build.0 = RelWithDebInfo|x64
		{0FCCF73C-20D2-435C-9026-79F574728141}.Debug|x64.ActiveCfg = Debug|x64
		{0FCCF73C-20D2-435C-9026-79F574728141}.Debug|x64.Build.0 = Debug|x64
		{0FCCF73C-20D2-435C-9026-79F574728141}.Release|x64.ActiveCfg = Release|x64
		{0FCCF73C-20D2-435C-9026-79F574728141}.Release|x64.Build.0 = Release|x64
		{0FCCF73C-20D2-435C-9026-79F574728141}.RelWithDebInfo|x64.ActiveCfg = RelWithDebInfo|x64
		{0FCCF73C-20D2-435C-9026-79F574728141}.RelWithDebInfo|x64.Build.0 = RelWithDebInfo|x64
	EndGlobalSection
	GlobalSection(SolutionProperties) = preSolution
		HideSolutionNode = FALSE
	EndGlobalSection
	GlobalSection(NestedProjects) = preSolution
		{D0C683A4-B2AE-426F-BD27-5C0EA0717153} = {8B9E46D3-6078-47F7-86E9-23882F764E36}
		{0FCCF73C-20D2-435C-9026-79F574728141} = {8B9E46D3-6078-47F7-86E9-23882F764E36}
	EndGlobalSection
	GlobalSection(ExtensibilityGlobals) = postSolution
		SolutionGuid = {14A7D5FD-012B-3DD7-A56C-4E64C5F90E44}
	EndGlobalSection
EndGlobal
