<?xml version="1.0" encoding="utf-8"?>
<Project ToolsVersion="15.0" xmlns="http://schemas.microsoft.com/developer/msbuild/2003">
  <ItemGroup>
    <ClCompile Include="D:\repos\Urho\urho3d-master\Source\Tools\ScriptCompiler\ScriptCompiler.cpp">
      <Filter>Source Files</Filter>
    </ClCompile>
  </ItemGroup>
  <ItemGroup>
    <CustomBuild Include="D:\repos\Urho\urho3d-master\Source\Tools\ScriptCompiler\CMakeLists.txt" />
  </ItemGroup>
  <ItemGroup>
    <Filter Include="Source Files">
      <UniqueIdentifier>{B961055E-F8C3-3511-8A81-99023ECE156E}</UniqueIdentifier>
    </Filter>
  </ItemGroup>
</Project>
