<?xml version="1.0" encoding="utf-8"?>
<Project ToolsVersion="15.0" xmlns="http://schemas.microsoft.com/developer/msbuild/2003">
  <ItemGroup>
    <ClCompile Include="D:\repos\Urho\urho3d-master\Source\Samples\22_LuaIntegration\LuaIntegration.cpp">
      <Filter>Source Files</Filter>
    </ClCompile>
  </ItemGroup>
  <ItemGroup>
    <ClInclude Include="D:\repos\Urho\urho3d-master\Source\Samples\22_LuaIntegration\LuaIntegration.h">
      <Filter>Header Files</Filter>
    </ClInclude>
    <ClInclude Include="D:\repos\Urho\urho3d-master\Source\Samples\Sample.h">
      <Filter>Header Files</Filter>
    </ClInclude>
    <ClInclude Include="D:\repos\Urho\urho3d-master\Source\Samples\Sample.inl">
      <Filter>Header Files</Filter>
    </ClInclude>
  </ItemGroup>
  <ItemGroup>
    <CustomBuild Include="D:\repos\Urho\urho3d-master\Source\Samples\22_LuaIntegration\CMakeLists.txt" />
  </ItemGroup>
  <ItemGroup>
    <None Include="D:\repos\Urho\urho3d-master\bin\CoreData">
      <Filter>Resource Dirs</Filter>
    </None>
    <None Include="D:\repos\Urho\urho3d-master\bin\Data">
      <Filter>Resource Dirs</Filter>
    </None>
  </ItemGroup>
  <ItemGroup>
    <Filter Include="Header Files">
      <UniqueIdentifier>{DD10CFD6-3133-3031-AA9C-2A7889CDABBF}</UniqueIdentifier>
    </Filter>
    <Filter Include="Resource Dirs">
      <UniqueIdentifier>{D5DF4E42-95AE-3B8F-9C17-7EB762682A50}</UniqueIdentifier>
    </Filter>
    <Filter Include="Source Files">
      <UniqueIdentifier>{B961055E-F8C3-3511-8A81-99023ECE156E}</UniqueIdentifier>
    </Filter>
  </ItemGroup>
</Project>
