<?xml version="1.0" encoding="utf-8"?>
<Project ToolsVersion="15.0" xmlns="http://schemas.microsoft.com/developer/msbuild/2003">
  <ItemGroup>
    <CustomBuild Include="D:\repos\Urho\urho3d-master\Source\Samples\18_CharacterDemo\CMakeLists.txt" />
  </ItemGroup>
  <ItemGroup>
    <None Include="D:\repos\Urho\urho3d-master\bin\CoreData">
      <Filter>Resource Dirs</Filter>
    </None>
    <None Include="D:\repos\Urho\urho3d-master\bin\Data">
      <Filter>Resource Dirs</Filter>
    </None>
  </ItemGroup>
  <ItemGroup>
    <Filter Include="Header Files">
      <UniqueIdentifier>{DD10CFD6-3133-3031-AA9C-2A7889CDABBF}</UniqueIdentifier>
    </Filter>
    <Filter Include="Resource Dirs">
      <UniqueIdentifier>{D5DF4E42-95AE-3B8F-9C17-7EB762682A50}</UniqueIdentifier>
    </Filter>
    <Filter Include="Source Files">
      <UniqueIdentifier>{B961055E-F8C3-3511-8A81-99023ECE156E}</UniqueIdentifier>
    </Filter>
  </ItemGroup>
  <ItemGroup>
    <ClCompile Include="Character.cpp">
      <Filter>Source Files</Filter>
    </ClCompile>
    <ClCompile Include="CharacterDemo.cpp">
      <Filter>Source Files</Filter>
    </ClCompile>
    <ClCompile Include="NewCharacter.cpp">
      <Filter>Source Files</Filter>
    </ClCompile>
    <ClCompile Include="Touch.cpp">
      <Filter>Source Files</Filter>
    </ClCompile>
    <ClCompile Include="Lightning.h">
      <Filter>Header Files</Filter>
    </ClCompile>
    <ClCompile Include="Lightning.cpp">
      <Filter>Source Files</Filter>
    </ClCompile>
    <ClCompile Include="SelfDestructor.cpp">
      <Filter>Source Files</Filter>
    </ClCompile>
    <ClCompile Include="DynamicGrass.cpp">
      <Filter>Source Files</Filter>
    </ClCompile>
  </ItemGroup>
  <ItemGroup>
    <ClInclude Include="Character.h">
      <Filter>Header Files</Filter>
    </ClInclude>
    <ClInclude Include="CharacterDemo.h">
      <Filter>Header Files</Filter>
    </ClInclude>
    <ClInclude Include="NewCharacter.h">
      <Filter>Header Files</Filter>
    </ClInclude>
    <ClInclude Include="Touch.h">
      <Filter>Header Files</Filter>
    </ClInclude>
    <ClInclude Include="SelfDestructor.h">
      <Filter>Header Files</Filter>
    </ClInclude>
    <ClInclude Include="DynamicGrass.h">
      <Filter>Header Files</Filter>
    </ClInclude>
  </ItemGroup>
</Project>